
Microsoft Visual Studio Solution File, Format Version 12.00
# Visual Studio Version 16
VisualStudioVersion = 16.0.29411.108
MinimumVisualStudioVersion = 10.0.40219.1
Project("{9A19103F-16F7-4668-BE54-9A1E7A4F7556}") = "AssetRipperConsoleNETCore", "AssetRipperConsole\AssetRipperConsoleNETCore.csproj", "{C9583270-6D3E-4CBF-8011-A818A7D8F3DC}"
EndProject
Project("{9A19103F-16F7-4668-BE54-9A1E7A4F7556}") = "AssetRipperCore", "AssetRipperCore\AssetRipperCore.csproj", "{CA9420F4-4B54-4727-91E6-CCE20916D795}"
EndProject
Project("{2150E333-8FDC-42A3-9474-1A3956D46DE8}") = "Console", "Console", "{D9598030-E984-43AE-A9BD-E9D1C2D97E97}"
EndProject
Project("{FAE04EC0-301F-11D3-BF4B-00C04F79EFBC}") = "AssetRipperGUI", "AssetRipperGUI\AssetRipperGUI.csproj", "{ADEE41C3-2951-4CD7-99B8-6F542D4DB28D}"
EndProject
Project("{2150E333-8FDC-42A3-9474-1A3956D46DE8}") = "Solution Items", "Solution Items", "{825F97E7-5A2D-4D93-81AD-292F54FE2AC7}"
	ProjectSection(SolutionItems) = preProject
		.editorconfig = .editorconfig
		.gitignore = .gitignore
		LICENSE = LICENSE
		README.md = README.md
	EndProjectSection
EndProject
Project("{2150E333-8FDC-42A3-9474-1A3956D46DE8}") = "Licenses", "Licenses", "{56F5A3D3-3388-476F-9852-D531BE14A9F8}"
	ProjectSection(SolutionItems) = preProject
		Licenses\AssetStudio.md = Licenses\AssetStudio.md
		Licenses\uTinyRipper.md = Licenses\uTinyRipper.md
	EndProjectSection
EndProject
Project("{FAE04EC0-301F-11D3-BF4B-00C04F79EFBC}") = "AssetRipperConsole", "AssetRipperConsole\AssetRipperConsole.csproj", "{469C078E-8398-4628-AF0E-8B8B0472D7D1}"
EndProject
Global
	GlobalSection(SolutionConfigurationPlatforms) = preSolution
		Debug|Any CPU = Debug|Any CPU
		Debug|x64 = Debug|x64
		Debug|x86 = Debug|x86
		Release|Any CPU = Release|Any CPU
		Release|x64 = Release|x64
		Release|x86 = Release|x86
		Virtual|Any CPU = Virtual|Any CPU
		Virtual|x64 = Virtual|x64
		Virtual|x86 = Virtual|x86
	EndGlobalSection
	GlobalSection(ProjectConfigurationPlatforms) = postSolution
		{C9583270-6D3E-4CBF-8011-A818A7D8F3DC}.Debug|Any CPU.ActiveCfg = Debug|Any CPU
		{C9583270-6D3E-4CBF-8011-A818A7D8F3DC}.Debug|Any CPU.Build.0 = Debug|Any CPU
		{C9583270-6D3E-4CBF-8011-A818A7D8F3DC}.Debug|x64.ActiveCfg = Debug|Any CPU
		{C9583270-6D3E-4CBF-8011-A818A7D8F3DC}.Debug|x86.ActiveCfg = Debug|Any CPU
		{C9583270-6D3E-4CBF-8011-A818A7D8F3DC}.Release|Any CPU.ActiveCfg = Release|Any CPU
		{C9583270-6D3E-4CBF-8011-A818A7D8F3DC}.Release|Any CPU.Build.0 = Release|Any CPU
		{C9583270-6D3E-4CBF-8011-A818A7D8F3DC}.Release|x64.ActiveCfg = Release|Any CPU
		{C9583270-6D3E-4CBF-8011-A818A7D8F3DC}.Release|x86.ActiveCfg = Release|Any CPU
		{C9583270-6D3E-4CBF-8011-A818A7D8F3DC}.Virtual|Any CPU.ActiveCfg = Release|Any CPU
		{C9583270-6D3E-4CBF-8011-A818A7D8F3DC}.Virtual|Any CPU.Build.0 = Release|Any CPU
		{C9583270-6D3E-4CBF-8011-A818A7D8F3DC}.Virtual|x64.ActiveCfg = Debug|Any CPU
		{C9583270-6D3E-4CBF-8011-A818A7D8F3DC}.Virtual|x86.ActiveCfg = Debug|Any CPU
		{CA9420F4-4B54-4727-91E6-CCE20916D795}.Debug|Any CPU.ActiveCfg = Debug|Any CPU
		{CA9420F4-4B54-4727-91E6-CCE20916D795}.Debug|Any CPU.Build.0 = Debug|Any CPU
		{CA9420F4-4B54-4727-91E6-CCE20916D795}.Debug|x64.ActiveCfg = Debug|Any CPU
		{CA9420F4-4B54-4727-91E6-CCE20916D795}.Debug|x64.Build.0 = Debug|Any CPU
		{CA9420F4-4B54-4727-91E6-CCE20916D795}.Debug|x86.ActiveCfg = Debug|Any CPU
		{CA9420F4-4B54-4727-91E6-CCE20916D795}.Debug|x86.Build.0 = Debug|Any CPU
		{CA9420F4-4B54-4727-91E6-CCE20916D795}.Release|Any CPU.ActiveCfg = Release|Any CPU
		{CA9420F4-4B54-4727-91E6-CCE20916D795}.Release|Any CPU.Build.0 = Release|Any CPU
		{CA9420F4-4B54-4727-91E6-CCE20916D795}.Release|x64.ActiveCfg = Release|Any CPU
		{CA9420F4-4B54-4727-91E6-CCE20916D795}.Release|x64.Build.0 = Release|Any CPU
		{CA9420F4-4B54-4727-91E6-CCE20916D795}.Release|x86.ActiveCfg = Release|Any CPU
		{CA9420F4-4B54-4727-91E6-CCE20916D795}.Release|x86.Build.0 = Release|Any CPU
		{CA9420F4-4B54-4727-91E6-CCE20916D795}.Virtual|Any CPU.ActiveCfg = Virtual|Any CPU
		{CA9420F4-4B54-4727-91E6-CCE20916D795}.Virtual|Any CPU.Build.0 = Virtual|Any CPU
		{CA9420F4-4B54-4727-91E6-CCE20916D795}.Virtual|x64.ActiveCfg = Virtual|Any CPU
		{CA9420F4-4B54-4727-91E6-CCE20916D795}.Virtual|x64.Build.0 = Virtual|Any CPU
		{CA9420F4-4B54-4727-91E6-CCE20916D795}.Virtual|x86.ActiveCfg = Debug|Any CPU
		{CA9420F4-4B54-4727-91E6-CCE20916D795}.Virtual|x86.Build.0 = Debug|Any CPU
		{ADEE41C3-2951-4CD7-99B8-6F542D4DB28D}.Debug|Any CPU.ActiveCfg = Debug|x86
		{ADEE41C3-2951-4CD7-99B8-6F542D4DB28D}.Debug|x64.ActiveCfg = Debug|x64
		{ADEE41C3-2951-4CD7-99B8-6F542D4DB28D}.Debug|x64.Build.0 = Debug|x64
		{ADEE41C3-2951-4CD7-99B8-6F542D4DB28D}.Debug|x86.ActiveCfg = Debug|x86
		{ADEE41C3-2951-4CD7-99B8-6F542D4DB28D}.Debug|x86.Build.0 = Debug|x86
		{ADEE41C3-2951-4CD7-99B8-6F542D4DB28D}.Release|Any CPU.ActiveCfg = Release|x86
		{ADEE41C3-2951-4CD7-99B8-6F542D4DB28D}.Release|x64.ActiveCfg = Release|x64
		{ADEE41C3-2951-4CD7-99B8-6F542D4DB28D}.Release|x64.Build.0 = Release|x64
		{ADEE41C3-2951-4CD7-99B8-6F542D4DB28D}.Release|x86.ActiveCfg = Release|x86
		{ADEE41C3-2951-4CD7-99B8-6F542D4DB28D}.Release|x86.Build.0 = Release|x86
		{ADEE41C3-2951-4CD7-99B8-6F542D4DB28D}.Virtual|Any CPU.ActiveCfg = Virtual|x86
		{ADEE41C3-2951-4CD7-99B8-6F542D4DB28D}.Virtual|x64.ActiveCfg = Virtual|x64
		{ADEE41C3-2951-4CD7-99B8-6F542D4DB28D}.Virtual|x64.Build.0 = Virtual|x64
		{ADEE41C3-2951-4CD7-99B8-6F542D4DB28D}.Virtual|x86.ActiveCfg = Virtual|x86
		{ADEE41C3-2951-4CD7-99B8-6F542D4DB28D}.Virtual|x86.Build.0 = Virtual|x86
		{469C078E-8398-4628-AF0E-8B8B0472D7D1}.Debug|Any CPU.ActiveCfg = Debug|Any CPU
		{469C078E-8398-4628-AF0E-8B8B0472D7D1}.Debug|Any CPU.Build.0 = Debug|Any CPU
		{469C078E-8398-4628-AF0E-8B8B0472D7D1}.Debug|x64.ActiveCfg = Debug|Any CPU
		{469C078E-8398-4628-AF0E-8B8B0472D7D1}.Debug|x64.Build.0 = Debug|Any CPU
		{469C078E-8398-4628-AF0E-8B8B0472D7D1}.Debug|x86.ActiveCfg = Debug|Any CPU
		{469C078E-8398-4628-AF0E-8B8B0472D7D1}.Debug|x86.Build.0 = Debug|Any CPU
		{469C078E-8398-4628-AF0E-8B8B0472D7D1}.Release|Any CPU.ActiveCfg = Release|Any CPU
		{469C078E-8398-4628-AF0E-8B8B0472D7D1}.Release|Any CPU.Build.0 = Release|Any CPU
		{469C078E-8398-4628-AF0E-8B8B0472D7D1}.Release|x64.ActiveCfg = Release|Any CPU
		{469C078E-8398-4628-AF0E-8B8B0472D7D1}.Release|x64.Build.0 = Release|Any CPU
		{469C078E-8398-4628-AF0E-8B8B0472D7D1}.Release|x86.ActiveCfg = Release|Any CPU
		{469C078E-8398-4628-AF0E-8B8B0472D7D1}.Release|x86.Build.0 = Release|Any CPU
		{469C078E-8398-4628-AF0E-8B8B0472D7D1}.Virtual|Any CPU.ActiveCfg = Debug|Any CPU
		{469C078E-8398-4628-AF0E-8B8B0472D7D1}.Virtual|Any CPU.Build.0 = Debug|Any CPU
		{469C078E-8398-4628-AF0E-8B8B0472D7D1}.Virtual|x64.ActiveCfg = Debug|Any CPU
		{469C078E-8398-4628-AF0E-8B8B0472D7D1}.Virtual|x64.Build.0 = Debug|Any CPU
		{469C078E-8398-4628-AF0E-8B8B0472D7D1}.Virtual|x86.ActiveCfg = Debug|Any CPU
		{469C078E-8398-4628-AF0E-8B8B0472D7D1}.Virtual|x86.Build.0 = Debug|Any CPU
	EndGlobalSection
	GlobalSection(SolutionProperties) = preSolution
		HideSolutionNode = FALSE
	EndGlobalSection
	GlobalSection(NestedProjects) = preSolution
		{C9583270-6D3E-4CBF-8011-A818A7D8F3DC} = {D9598030-E984-43AE-A9BD-E9D1C2D97E97}
		{56F5A3D3-3388-476F-9852-D531BE14A9F8} = {825F97E7-5A2D-4D93-81AD-292F54FE2AC7}
		{469C078E-8398-4628-AF0E-8B8B0472D7D1} = {D9598030-E984-43AE-A9BD-E9D1C2D97E97}
	EndGlobalSection
	GlobalSection(ExtensibilityGlobals) = postSolution
		SolutionGuid = {ED4FF66B-4A6D-4440-8721-23C5ED09791C}
	EndGlobalSection
EndGlobal
