
Microsoft Visual Studio Solution File, Format Version 12.00
# Visual Studio Version 17
VisualStudioVersion = 17.0.31815.197
MinimumVisualStudioVersion = 10.0.40219.1
Project("{2150E333-8FDC-42A3-9474-1A3956D46DE8}") = "Solution Items", "Solution Items", "{825F97E7-5A2D-4D93-81AD-292F54FE2AC7}"
	ProjectSection(SolutionItems) = preProject
		Source\.editorconfig = Source\.editorconfig
		.gitignore = .gitignore
		.github\CONTRIBUTING.md = .github\CONTRIBUTING.md
		Source\Directory.Build.props = Source\Directory.Build.props
		Source\generate.bat = Source\generate.bat
		LICENSE.md = LICENSE.md
		nuget.config = nuget.config
		README.md = README.md
	EndProjectSection
EndProject
Project("{2150E333-8FDC-42A3-9474-1A3956D46DE8}") = "Licenses", "Licenses", "{56F5A3D3-3388-476F-9852-D531BE14A9F8}"
	ProjectSection(SolutionItems) = preProject
		Source\Licenses\AsmResolver.md = Source\Licenses\AsmResolver.md
		Source\Licenses\AssetStudio.md = Source\Licenses\AssetStudio.md
		Source\Licenses\Cpp2IL.md = Source\Licenses\Cpp2IL.md
		Source\Licenses\Crunch.md = Source\Licenses\Crunch.md
		Source\Licenses\darkfx.md = Source\Licenses\darkfx.md
		Source\Licenses\Fmod5Sharp.md = Source\Licenses\Fmod5Sharp.md
		Source\Licenses\ILSpy.md = Source\Licenses\ILSpy.md
		Source\Licenses\Lz4.md = Source\Licenses\Lz4.md
		Source\Licenses\NAudio.md = Source\Licenses\NAudio.md
		Source\Licenses\NAudioVorbis.md = Source\Licenses\NAudioVorbis.md
		Source\Licenses\NVorbis.md = Source\Licenses\NVorbis.md
		Source\Licenses\SharpCompress.md = Source\Licenses\SharpCompress.md
		Source\Licenses\SharpGLTF.md = Source\Licenses\SharpGLTF.md
		Source\Licenses\SharpZipLib.md = Source\Licenses\SharpZipLib.md
		Source\Licenses\Smolv.md = Source\Licenses\Smolv.md
		Source\Licenses\SpirV.md = Source\Licenses\SpirV.md
		Source\Licenses\uTinyRipper.md = Source\Licenses\uTinyRipper.md
		Source\Licenses\uTinyRipperExporter.md = Source\Licenses\uTinyRipperExporter.md
	EndProjectSection
EndProject
Project("{2150E333-8FDC-42A3-9474-1A3956D46DE8}") = "IssueTemplates", "IssueTemplates", "{38C0DDA2-6C7D-41F1-90F6-0B1DDA86C0EC}"
	ProjectSection(SolutionItems) = preProject
		.github\ISSUE_TEMPLATE\bug_report.yaml = .github\ISSUE_TEMPLATE\bug_report.yaml
		.github\ISSUE_TEMPLATE\config.yaml = .github\ISSUE_TEMPLATE\config.yaml
		.github\ISSUE_TEMPLATE\enhancement.yaml = .github\ISSUE_TEMPLATE\enhancement.yaml
		.github\ISSUE_TEMPLATE\other.yaml = .github\ISSUE_TEMPLATE\other.yaml
		.github\ISSUE_TEMPLATE\question.yaml = .github\ISSUE_TEMPLATE\question.yaml
	EndProjectSection
EndProject
Project("{2150E333-8FDC-42A3-9474-1A3956D46DE8}") = "Workflows", "Workflows", "{88179FFC-0863-4C4F-9860-68EB1471E59F}"
	ProjectSection(SolutionItems) = preProject
		.github\workflows\analysis.yml = .github\workflows\analysis.yml
		.github\workflows\cla.yml = .github\workflows\cla.yml
		.github\dependabot.yml = .github\dependabot.yml
		.github\workflows\docfx_build.yml = .github\workflows\docfx_build.yml
		.github\workflows\greetings.yml = .github\workflows\greetings.yml
		.github\workflows\publish.yml = .github\workflows\publish.yml
		.github\workflows\test.yml = .github\workflows\test.yml
	EndProjectSection
EndProject
Project("{2150E333-8FDC-42A3-9474-1A3956D46DE8}") = "Docs", "Docs", "{E3A52FDC-1C4D-430F-A1BA-BFC5671181D4}"
	ProjectSection(SolutionItems) = preProject
		docs\articles\CommonIssues.md = docs\articles\CommonIssues.md
		docs\articles\Credits.md = docs\articles\Credits.md
		docs\docfx.json = docs\docfx.json
		docs\articles\Downloads.md = docs\articles\Downloads.md
		docs\index.md = docs\index.md
		docs\articles\PremiumFeatures.md = docs\articles\PremiumFeatures.md
		docs\articles\Requirements.md = docs\articles\Requirements.md
		docs\articles\RoadMap.md = docs\articles\RoadMap.md
		docs\articles\RunningOnMac.md = docs\articles\RunningOnMac.md
		docs\articles\toc.yml = docs\articles\toc.yml
	EndProjectSection
EndProject
Project("{9A19103F-16F7-4668-BE54-9A1E7A4F7556}") = "AssetRipper.Tests", "Source\AssetRipper.Tests\AssetRipper.Tests.csproj", "{365C791E-431B-40E5-B724-BE375126AA11}"
EndProject
Project("{9A19103F-16F7-4668-BE54-9A1E7A4F7556}") = "Smolv", "Source\Smolv\Smolv.csproj", "{8985E7C1-DFCB-45B2-8369-130A1C45C6D3}"
EndProject
Project("{9A19103F-16F7-4668-BE54-9A1E7A4F7556}") = "SpirV", "Source\SpirV\SpirV.csproj", "{2135442C-E861-486D-A07B-0367A09177F9}"
EndProject
Project("{9A19103F-16F7-4668-BE54-9A1E7A4F7556}") = "AssetRipper.Yaml", "Source\AssetRipper.Yaml\AssetRipper.Yaml.csproj", "{E3458355-E654-41B9-A06C-9E2A00EA9CE2}"
EndProject
Project("{9A19103F-16F7-4668-BE54-9A1E7A4F7556}") = "AssetRipper.SerializationLogic", "Source\AssetRipper.SerializationLogic\AssetRipper.SerializationLogic.csproj", "{0077BA34-CA1E-4A08-8B3A-49B8EA57EA40}"
EndProject
Project("{9A19103F-16F7-4668-BE54-9A1E7A4F7556}") = "AssetRipper.Yaml.Tests", "Source\AssetRipper.Yaml.Tests\AssetRipper.Yaml.Tests.csproj", "{838B66B6-B54D-4BEE-B7E3-888E8FDE7CAE}"
EndProject
Project("{9A19103F-16F7-4668-BE54-9A1E7A4F7556}") = "AssetRipper.IO.Files", "Source\AssetRipper.IO.Files\AssetRipper.IO.Files.csproj", "{95684DEF-EFC1-4649-AD9E-4660DA7A584A}"
EndProject
Project("{9A19103F-16F7-4668-BE54-9A1E7A4F7556}") = "AssetRipper.GUI.SourceGenerator", "Source\AssetRipper.GUI.SourceGenerator\AssetRipper.GUI.SourceGenerator.csproj", "{A5FDF7D3-E4CC-4ED1-8BE8-966BE488EE82}"
EndProject
Project("{9A19103F-16F7-4668-BE54-9A1E7A4F7556}") = "AssetRipper.Assets", "Source\AssetRipper.Assets\AssetRipper.Assets.csproj", "{312FCD48-192E-4008-94F8-D79E58731AD4}"
EndProject
Project("{9A19103F-16F7-4668-BE54-9A1E7A4F7556}") = "AssetRipper.IO.Files.SourceGenerator", "Source\AssetRipper.IO.Files.SourceGenerator\AssetRipper.IO.Files.SourceGenerator.csproj", "{86A3BDB8-6078-456C-A54E-B68C3916394F}"
EndProject
Project("{9A19103F-16F7-4668-BE54-9A1E7A4F7556}") = "AssetRipper.IO.Files.Tests", "Source\AssetRipper.IO.Files.Tests\AssetRipper.IO.Files.Tests.csproj", "{F295E724-B3DE-45A0-870F-237BADFD15D4}"
EndProject
Project("{9A19103F-16F7-4668-BE54-9A1E7A4F7556}") = "AssetRipper.Tools.SystemTester", "Source\AssetRipper.Tools.SystemTester\AssetRipper.Tools.SystemTester.csproj", "{8F4FDC30-EDEA-4FB1-A12B-FD47650C51F7}"
EndProject
Project("{9A19103F-16F7-4668-BE54-9A1E7A4F7556}") = "AssetRipper.Tools.TypeTreeExtractor", "Source\AssetRipper.Tools.TypeTreeExtractor\AssetRipper.Tools.TypeTreeExtractor.csproj", "{441FAA30-1347-4334-B8B2-6CBC793B7D8C}"
EndProject
Project("{9A19103F-16F7-4668-BE54-9A1E7A4F7556}") = "AssetRipper.Tools.FileExtractor", "Source\AssetRipper.Tools.FileExtractor\AssetRipper.Tools.FileExtractor.csproj", "{89FAE22A-C59F-477B-A5F5-2E19CB1366C9}"
EndProject
Project("{9A19103F-16F7-4668-BE54-9A1E7A4F7556}") = "AssetRipper.Tools.JsonSerializer", "Source\AssetRipper.Tools.JsonSerializer\AssetRipper.Tools.JsonSerializer.csproj", "{1C4A071F-1C20-4842-B3C2-B973C775C403}"
EndProject
Project("{9A19103F-16F7-4668-BE54-9A1E7A4F7556}") = "AssetRipper.Numerics", "Source\AssetRipper.Numerics\AssetRipper.Numerics.csproj", "{7BAC37BE-BB8C-441E-879D-BF55F88BC7AA}"
EndProject
Project("{9A19103F-16F7-4668-BE54-9A1E7A4F7556}") = "AssetRipper.Numerics.Tests", "Source\AssetRipper.Numerics.Tests\AssetRipper.Numerics.Tests.csproj", "{E1E44FD6-7B3D-493A-B0A4-A12DDE4F212B}"
EndProject
Project("{9A19103F-16F7-4668-BE54-9A1E7A4F7556}") = "AssetRipper.Tools.DependenceGrapher", "Source\AssetRipper.Tools.DependenceGrapher\AssetRipper.Tools.DependenceGrapher.csproj", "{A704EECB-5408-4B77-B80C-47AB25A051FA}"
EndProject
Project("{9A19103F-16F7-4668-BE54-9A1E7A4F7556}") = "AssetRipper.Tools.CabMapGenerator", "Source\AssetRipper.Tools.CabMapGenerator\AssetRipper.Tools.CabMapGenerator.csproj", "{3620A2D1-69DB-48EB-A209-F546577CD8C2}"
EndProject
Project("{9A19103F-16F7-4668-BE54-9A1E7A4F7556}") = "AssetRipper.Tools.RawTextureExtractor", "Source\AssetRipper.Tools.RawTextureExtractor\AssetRipper.Tools.RawTextureExtractor.csproj", "{3FDBC557-D797-40B5-A33D-7E3BDBC39C50}"
EndProject
Project("{9A19103F-16F7-4668-BE54-9A1E7A4F7556}") = "UnityEngine", "Source\UnityEngine\UnityEngine.csproj", "{3DE1FC3E-3B72-4B6C-8B19-657C6A32AA47}"
EndProject
Project("{9A19103F-16F7-4668-BE54-9A1E7A4F7556}") = "AssetRipper.SerializationLogic.Tests", "Source\AssetRipper.SerializationLogic.Tests\AssetRipper.SerializationLogic.Tests.csproj", "{C7C57290-5E63-40E1-96B9-EB14A4D08F8C}"
EndProject
Project("{9A19103F-16F7-4668-BE54-9A1E7A4F7556}") = "AssetRipper.Assets.Tests", "Source\AssetRipper.Assets.Tests\AssetRipper.Assets.Tests.csproj", "{CD86DE37-F673-423F-B0B3-BC9614DAA688}"
EndProject
Project("{9A19103F-16F7-4668-BE54-9A1E7A4F7556}") = "AssetRipper.Tools.MonoBehaviourTester", "Source\AssetRipper.Tools.MonoBehaviourTester\AssetRipper.Tools.MonoBehaviourTester.csproj", "{85DC8AB1-4B53-41EA-AD5B-1D0C178D3A21}"
EndProject
Project("{9A19103F-16F7-4668-BE54-9A1E7A4F7556}") = "AssetRipper.SourceGenerated.Extensions", "Source\AssetRipper.SourceGenerated.Extensions\AssetRipper.SourceGenerated.Extensions.csproj", "{AE122333-DB76-4EF5-BDD8-E94986B05F69}"
EndProject
Project("{9A19103F-16F7-4668-BE54-9A1E7A4F7556}") = "AssetRipper.Processing", "Source\AssetRipper.Processing\AssetRipper.Processing.csproj", "{5563B4F0-1E2C-46A2-A80F-5488C780C5C7}"
EndProject
Project("{9A19103F-16F7-4668-BE54-9A1E7A4F7556}") = "AssetRipper.Export", "Source\AssetRipper.Export\AssetRipper.Export.csproj", "{00261294-9974-40DD-962B-532C596A2222}"
EndProject
Project("{9A19103F-16F7-4668-BE54-9A1E7A4F7556}") = "AssetRipper.Export.PrimaryContent", "Source\AssetRipper.Export.PrimaryContent\AssetRipper.Export.PrimaryContent.csproj", "{C9D15026-FDA7-41E0-9F07-76F4A244F3DC}"
EndProject
Project("{9A19103F-16F7-4668-BE54-9A1E7A4F7556}") = "AssetRipper.Export.Modules.Audio", "Source\AssetRipper.Export.Modules.Audio\AssetRipper.Export.Modules.Audio.csproj", "{AFA5C013-0BA3-4E80-9FD3-C3C827E3EFA0}"
EndProject
Project("{9A19103F-16F7-4668-BE54-9A1E7A4F7556}") = "AssetRipper.Export.Modules.Textures", "Source\AssetRipper.Export.Modules.Textures\AssetRipper.Export.Modules.Textures.csproj", "{F5D07C87-ADEE-44E3-995E-7DCD6463E4E3}"
EndProject
Project("{9A19103F-16F7-4668-BE54-9A1E7A4F7556}") = "AssetRipper.Import", "Source\AssetRipper.Import\AssetRipper.Import.csproj", "{A1ACC369-4E2E-4E58-8BA6-034609B54E6A}"
EndProject
Project("{9A19103F-16F7-4668-BE54-9A1E7A4F7556}") = "AssetRipper.Export.Modules.Shaders", "Source\AssetRipper.Export.Modules.Shader\AssetRipper.Export.Modules.Shaders.csproj", "{680FA140-1836-45D8-BE5C-1885BB657864}"
EndProject
Project("{9A19103F-16F7-4668-BE54-9A1E7A4F7556}") = "AssetRipper.Export.UnityProjects", "Source\AssetRipper.Export.UnityProjects\AssetRipper.Export.UnityProjects.csproj", "{65C9ACC0-4B34-4289-9F8C-A3619D48AB3D}"
EndProject
Project("{9A19103F-16F7-4668-BE54-9A1E7A4F7556}") = "AssetRipper.GUI.Localizations", "Source\AssetRipper.GUI.Localizations\AssetRipper.GUI.Localizations.csproj", "{1EF29A1D-A170-4167-830B-17DCC679CA59}"
EndProject
Project("{2150E333-8FDC-42A3-9474-1A3956D46DE8}") = "Localizations", "Localizations", "{DC747214-80C3-46A0-B971-D24009AAD24A}"
	ProjectSection(SolutionItems) = preProject
		Localizations\en_US.json = Localizations\en_US.json
		Localizations\LICENSE = Localizations\LICENSE
		Localizations\README.md = Localizations\README.md
	EndProjectSection
EndProject
Project("{9A19103F-16F7-4668-BE54-9A1E7A4F7556}") = "AssetRipper.GUI.Licensing", "Source\AssetRipper.GUI.Licensing\AssetRipper.GUI.Licensing.csproj", "{ED4D8B01-2C3B-412B-981B-986FBA6FB2FD}"
EndProject
Project("{9A19103F-16F7-4668-BE54-9A1E7A4F7556}") = "AssetRipper.GUI.Free", "Source\AssetRipper.GUI.Free\AssetRipper.GUI.Free.csproj", "{21966500-0147-494A-B389-7CFDE90DA70E}"
EndProject
Project("{9A19103F-16F7-4668-BE54-9A1E7A4F7556}") = "AssetRipper.Web", "Source\AssetRipper.Web\AssetRipper.Web.csproj", "{11BE7146-443C-4602-B81D-617868ED833F}"
EndProject
Project("{9A19103F-16F7-4668-BE54-9A1E7A4F7556}") = "AssetRipper.GUI.Web", "Source\AssetRipper.GUI.Web\AssetRipper.GUI.Web.csproj", "{3FFE76F1-7204-4CD9-AB08-AD099E8D2D57}"
EndProject
Project("{9A19103F-16F7-4668-BE54-9A1E7A4F7556}") = "AssetRipper.Export.Modules.Models", "Source\AssetRipper.Export.Modules.Models\AssetRipper.Export.Modules.Models.csproj", "{B827502A-EA76-4C16-B246-0E625A7ED80E}"
EndProject
Project("{FAE04EC0-301F-11D3-BF4B-00C04F79EFBC}") = "AssetRipper.GUI.Web.Tests", "Source\AssetRipper.GUI.Web.Tests\AssetRipper.GUI.Web.Tests.csproj", "{9EDD3621-6E2B-41AD-8F6A-F8C4CD113566}"
EndProject
Project("{FAE04EC0-301F-11D3-BF4B-00C04F79EFBC}") = "AssetRipper.GUI.Localizations.SourceGenerator", "Source\AssetRipper.GUI.Localizations.SourceGenerator\AssetRipper.GUI.Localizations.SourceGenerator.csproj", "{ADE822A6-9D1E-98B1-696F-25D37BFCF7CA}"
EndProject
Project("{FAE04EC0-301F-11D3-BF4B-00C04F79EFBC}") = "AssetRipper.Processing.SourceGenerator", "Source\AssetRipper.Processing.SourceGenerator\AssetRipper.Processing.SourceGenerator.csproj", "{6679D5D0-8D40-44AC-9D20-0FD1303D45A2}"
EndProject
Project("{FAE04EC0-301F-11D3-BF4B-00C04F79EFBC}") = "AssetRipper.GUI.Licensing.SourceGenerator", "Source\AssetRipper.GUI.Licensing.SourceGenerator\AssetRipper.GUI.Licensing.SourceGenerator.csproj", "{6B3DD564-FD57-4EAA-8696-A15A5A6FFF29}"
EndProject
Project("{FAE04EC0-301F-11D3-BF4B-00C04F79EFBC}") = "AssetRipper.SourceGenerated.Extensions.SourceGenerator", "Source\AssetRipper.SourceGenerated.Extensions.SourceGenerator\AssetRipper.SourceGenerated.Extensions.SourceGenerator.csproj", "{C10F7EBE-4898-44F9-9934-0727A20169BE}"
EndProject
Project("{FAE04EC0-301F-11D3-BF4B-00C04F79EFBC}") = "AssetRipper.AssemblyDumper.Utils", "Source\AssetRipper.AssemblyDumper.Utils\AssetRipper.AssemblyDumper.Utils.csproj", "{589B71FD-5C3C-4C86-A83E-57929F95A8A2}"
EndProject
Project("{FAE04EC0-301F-11D3-BF4B-00C04F79EFBC}") = "AssetRipper.AssemblyDumper", "Source\AssetRipper.AssemblyDumper\AssetRipper.AssemblyDumper.csproj", "{76E9A7CA-5A37-B92F-1B4A-F94761C42001}"
EndProject
Project("{FAE04EC0-301F-11D3-BF4B-00C04F79EFBC}") = "AssetRipper.DocExtraction", "Source\AssetRipper.DocExtraction\AssetRipper.DocExtraction.csproj", "{D6670250-5E40-C918-0747-48A745EC7431}"
EndProject
Project("{FAE04EC0-301F-11D3-BF4B-00C04F79EFBC}") = "AssetRipper.DocExtraction.ConsoleApp", "Source\AssetRipper.DocExtraction.ConsoleApp\AssetRipper.DocExtraction.ConsoleApp.csproj", "{A39A638B-4E59-DE47-714D-5714F1FD1D22}"
EndProject
Project("{FAE04EC0-301F-11D3-BF4B-00C04F79EFBC}") = "AssetRipper.AssemblyDumper.Downloader", "Source\AssetRipper.AssemblyDumper.Downloader\AssetRipper.AssemblyDumper.Downloader.csproj", "{77407399-508D-A313-2DDE-50CB6CD38FA7}"
EndProject
Project("{FAE04EC0-301F-11D3-BF4B-00C04F79EFBC}") = "AssetRipper.AssemblyDumper.Recompiler", "Source\AssetRipper.AssemblyDumper.Recompiler\AssetRipper.AssemblyDumper.Recompiler.csproj", "{A018110D-39E7-D8A6-D4CB-0FD1B86E9D12}"
EndProject
Project("{FAE04EC0-301F-11D3-BF4B-00C04F79EFBC}") = "AssetRipper.AssemblyDumper.Tests", "Source\AssetRipper.AssemblyDumper.Tests\AssetRipper.AssemblyDumper.Tests.csproj", "{4671543B-D08A-7E66-880A-CF6EFECE0124}"
EndProject
Project("{FAE04EC0-301F-11D3-BF4B-00C04F79EFBC}") = "AssetRipper.AssemblyDumper.NuGetFixer", "Source\AssetRipper.AssemblyDumper.NuGetFixer\AssetRipper.AssemblyDumper.NuGetFixer.csproj", "{504C946E-4DF7-BC74-B275-4098863CDD5C}"
EndProject
Project("{FAE04EC0-301F-11D3-BF4B-00C04F79EFBC}") = "AssetRipper.AssemblyDumper.NativeEnumExtractor", "Source\AssetRipper.AssemblyDumper.NativeEnumExtractor\AssetRipper.AssemblyDumper.NativeEnumExtractor.csproj", "{0614FFBA-0470-4BC8-9334-2EFCEDE669D7}"
EndProject
Global
	GlobalSection(SolutionConfigurationPlatforms) = preSolution
		Debug|Any CPU = Debug|Any CPU
		Release|Any CPU = Release|Any CPU
	EndGlobalSection
	GlobalSection(ProjectConfigurationPlatforms) = postSolution
		{365C791E-431B-40E5-B724-BE375126AA11}.Debug|Any CPU.ActiveCfg = Debug|Any CPU
		{365C791E-431B-40E5-B724-BE375126AA11}.Debug|Any CPU.Build.0 = Debug|Any CPU
		{365C791E-431B-40E5-B724-BE375126AA11}.Release|Any CPU.ActiveCfg = Release|Any CPU
		{365C791E-431B-40E5-B724-BE375126AA11}.Release|Any CPU.Build.0 = Release|Any CPU
		{8985E7C1-DFCB-45B2-8369-130A1C45C6D3}.Debug|Any CPU.ActiveCfg = Debug|Any CPU
		{8985E7C1-DFCB-45B2-8369-130A1C45C6D3}.Debug|Any CPU.Build.0 = Debug|Any CPU
		{8985E7C1-DFCB-45B2-8369-130A1C45C6D3}.Release|Any CPU.ActiveCfg = Release|Any CPU
		{8985E7C1-DFCB-45B2-8369-130A1C45C6D3}.Release|Any CPU.Build.0 = Release|Any CPU
		{2135442C-E861-486D-A07B-0367A09177F9}.Debug|Any CPU.ActiveCfg = Debug|Any CPU
		{2135442C-E861-486D-A07B-0367A09177F9}.Debug|Any CPU.Build.0 = Debug|Any CPU
		{2135442C-E861-486D-A07B-0367A09177F9}.Release|Any CPU.ActiveCfg = Release|Any CPU
		{2135442C-E861-486D-A07B-0367A09177F9}.Release|Any CPU.Build.0 = Release|Any CPU
		{E3458355-E654-41B9-A06C-9E2A00EA9CE2}.Debug|Any CPU.ActiveCfg = Debug|Any CPU
		{E3458355-E654-41B9-A06C-9E2A00EA9CE2}.Debug|Any CPU.Build.0 = Debug|Any CPU
		{E3458355-E654-41B9-A06C-9E2A00EA9CE2}.Release|Any CPU.ActiveCfg = Release|Any CPU
		{E3458355-E654-41B9-A06C-9E2A00EA9CE2}.Release|Any CPU.Build.0 = Release|Any CPU
		{0077BA34-CA1E-4A08-8B3A-49B8EA57EA40}.Debug|Any CPU.ActiveCfg = Debug|Any CPU
		{0077BA34-CA1E-4A08-8B3A-49B8EA57EA40}.Debug|Any CPU.Build.0 = Debug|Any CPU
		{0077BA34-CA1E-4A08-8B3A-49B8EA57EA40}.Release|Any CPU.ActiveCfg = Release|Any CPU
		{0077BA34-CA1E-4A08-8B3A-49B8EA57EA40}.Release|Any CPU.Build.0 = Release|Any CPU
		{838B66B6-B54D-4BEE-B7E3-888E8FDE7CAE}.Debug|Any CPU.ActiveCfg = Debug|Any CPU
		{838B66B6-B54D-4BEE-B7E3-888E8FDE7CAE}.Debug|Any CPU.Build.0 = Debug|Any CPU
		{838B66B6-B54D-4BEE-B7E3-888E8FDE7CAE}.Release|Any CPU.ActiveCfg = Release|Any CPU
		{838B66B6-B54D-4BEE-B7E3-888E8FDE7CAE}.Release|Any CPU.Build.0 = Release|Any CPU
		{95684DEF-EFC1-4649-AD9E-4660DA7A584A}.Debug|Any CPU.ActiveCfg = Debug|Any CPU
		{95684DEF-EFC1-4649-AD9E-4660DA7A584A}.Debug|Any CPU.Build.0 = Debug|Any CPU
		{95684DEF-EFC1-4649-AD9E-4660DA7A584A}.Release|Any CPU.ActiveCfg = Release|Any CPU
		{95684DEF-EFC1-4649-AD9E-4660DA7A584A}.Release|Any CPU.Build.0 = Release|Any CPU
		{A5FDF7D3-E4CC-4ED1-8BE8-966BE488EE82}.Debug|Any CPU.ActiveCfg = Debug|Any CPU
		{A5FDF7D3-E4CC-4ED1-8BE8-966BE488EE82}.Debug|Any CPU.Build.0 = Debug|Any CPU
		{A5FDF7D3-E4CC-4ED1-8BE8-966BE488EE82}.Release|Any CPU.ActiveCfg = Release|Any CPU
		{A5FDF7D3-E4CC-4ED1-8BE8-966BE488EE82}.Release|Any CPU.Build.0 = Release|Any CPU
		{312FCD48-192E-4008-94F8-D79E58731AD4}.Debug|Any CPU.ActiveCfg = Debug|Any CPU
		{312FCD48-192E-4008-94F8-D79E58731AD4}.Debug|Any CPU.Build.0 = Debug|Any CPU
		{312FCD48-192E-4008-94F8-D79E58731AD4}.Release|Any CPU.ActiveCfg = Release|Any CPU
		{312FCD48-192E-4008-94F8-D79E58731AD4}.Release|Any CPU.Build.0 = Release|Any CPU
		{86A3BDB8-6078-456C-A54E-B68C3916394F}.Debug|Any CPU.ActiveCfg = Debug|Any CPU
		{86A3BDB8-6078-456C-A54E-B68C3916394F}.Debug|Any CPU.Build.0 = Debug|Any CPU
		{86A3BDB8-6078-456C-A54E-B68C3916394F}.Release|Any CPU.ActiveCfg = Release|Any CPU
		{86A3BDB8-6078-456C-A54E-B68C3916394F}.Release|Any CPU.Build.0 = Release|Any CPU
		{F295E724-B3DE-45A0-870F-237BADFD15D4}.Debug|Any CPU.ActiveCfg = Debug|Any CPU
		{F295E724-B3DE-45A0-870F-237BADFD15D4}.Debug|Any CPU.Build.0 = Debug|Any CPU
		{F295E724-B3DE-45A0-870F-237BADFD15D4}.Release|Any CPU.ActiveCfg = Release|Any CPU
		{F295E724-B3DE-45A0-870F-237BADFD15D4}.Release|Any CPU.Build.0 = Release|Any CPU
		{8F4FDC30-EDEA-4FB1-A12B-FD47650C51F7}.Debug|Any CPU.ActiveCfg = Debug|Any CPU
		{8F4FDC30-EDEA-4FB1-A12B-FD47650C51F7}.Debug|Any CPU.Build.0 = Debug|Any CPU
		{8F4FDC30-EDEA-4FB1-A12B-FD47650C51F7}.Release|Any CPU.ActiveCfg = Release|Any CPU
		{8F4FDC30-EDEA-4FB1-A12B-FD47650C51F7}.Release|Any CPU.Build.0 = Release|Any CPU
		{441FAA30-1347-4334-B8B2-6CBC793B7D8C}.Debug|Any CPU.ActiveCfg = Debug|Any CPU
		{441FAA30-1347-4334-B8B2-6CBC793B7D8C}.Debug|Any CPU.Build.0 = Debug|Any CPU
		{441FAA30-1347-4334-B8B2-6CBC793B7D8C}.Release|Any CPU.ActiveCfg = Release|Any CPU
		{441FAA30-1347-4334-B8B2-6CBC793B7D8C}.Release|Any CPU.Build.0 = Release|Any CPU
		{89FAE22A-C59F-477B-A5F5-2E19CB1366C9}.Debug|Any CPU.ActiveCfg = Debug|Any CPU
		{89FAE22A-C59F-477B-A5F5-2E19CB1366C9}.Debug|Any CPU.Build.0 = Debug|Any CPU
		{89FAE22A-C59F-477B-A5F5-2E19CB1366C9}.Release|Any CPU.ActiveCfg = Release|Any CPU
		{89FAE22A-C59F-477B-A5F5-2E19CB1366C9}.Release|Any CPU.Build.0 = Release|Any CPU
		{1C4A071F-1C20-4842-B3C2-B973C775C403}.Debug|Any CPU.ActiveCfg = Debug|Any CPU
		{1C4A071F-1C20-4842-B3C2-B973C775C403}.Debug|Any CPU.Build.0 = Debug|Any CPU
		{1C4A071F-1C20-4842-B3C2-B973C775C403}.Release|Any CPU.ActiveCfg = Release|Any CPU
		{1C4A071F-1C20-4842-B3C2-B973C775C403}.Release|Any CPU.Build.0 = Release|Any CPU
		{7BAC37BE-BB8C-441E-879D-BF55F88BC7AA}.Debug|Any CPU.ActiveCfg = Debug|Any CPU
		{7BAC37BE-BB8C-441E-879D-BF55F88BC7AA}.Debug|Any CPU.Build.0 = Debug|Any CPU
		{7BAC37BE-BB8C-441E-879D-BF55F88BC7AA}.Release|Any CPU.ActiveCfg = Release|Any CPU
		{7BAC37BE-BB8C-441E-879D-BF55F88BC7AA}.Release|Any CPU.Build.0 = Release|Any CPU
		{E1E44FD6-7B3D-493A-B0A4-A12DDE4F212B}.Debug|Any CPU.ActiveCfg = Debug|Any CPU
		{E1E44FD6-7B3D-493A-B0A4-A12DDE4F212B}.Debug|Any CPU.Build.0 = Debug|Any CPU
		{E1E44FD6-7B3D-493A-B0A4-A12DDE4F212B}.Release|Any CPU.ActiveCfg = Release|Any CPU
		{E1E44FD6-7B3D-493A-B0A4-A12DDE4F212B}.Release|Any CPU.Build.0 = Release|Any CPU
		{A704EECB-5408-4B77-B80C-47AB25A051FA}.Debug|Any CPU.ActiveCfg = Debug|Any CPU
		{A704EECB-5408-4B77-B80C-47AB25A051FA}.Debug|Any CPU.Build.0 = Debug|Any CPU
		{A704EECB-5408-4B77-B80C-47AB25A051FA}.Release|Any CPU.ActiveCfg = Release|Any CPU
		{A704EECB-5408-4B77-B80C-47AB25A051FA}.Release|Any CPU.Build.0 = Release|Any CPU
		{3620A2D1-69DB-48EB-A209-F546577CD8C2}.Debug|Any CPU.ActiveCfg = Debug|Any CPU
		{3620A2D1-69DB-48EB-A209-F546577CD8C2}.Debug|Any CPU.Build.0 = Debug|Any CPU
		{3620A2D1-69DB-48EB-A209-F546577CD8C2}.Release|Any CPU.ActiveCfg = Release|Any CPU
		{3620A2D1-69DB-48EB-A209-F546577CD8C2}.Release|Any CPU.Build.0 = Release|Any CPU
		{3FDBC557-D797-40B5-A33D-7E3BDBC39C50}.Debug|Any CPU.ActiveCfg = Debug|Any CPU
		{3FDBC557-D797-40B5-A33D-7E3BDBC39C50}.Debug|Any CPU.Build.0 = Debug|Any CPU
		{3FDBC557-D797-40B5-A33D-7E3BDBC39C50}.Release|Any CPU.ActiveCfg = Release|Any CPU
		{3FDBC557-D797-40B5-A33D-7E3BDBC39C50}.Release|Any CPU.Build.0 = Release|Any CPU
		{3DE1FC3E-3B72-4B6C-8B19-657C6A32AA47}.Debug|Any CPU.ActiveCfg = Debug|Any CPU
		{3DE1FC3E-3B72-4B6C-8B19-657C6A32AA47}.Debug|Any CPU.Build.0 = Debug|Any CPU
		{3DE1FC3E-3B72-4B6C-8B19-657C6A32AA47}.Release|Any CPU.ActiveCfg = Release|Any CPU
		{3DE1FC3E-3B72-4B6C-8B19-657C6A32AA47}.Release|Any CPU.Build.0 = Release|Any CPU
		{C7C57290-5E63-40E1-96B9-EB14A4D08F8C}.Debug|Any CPU.ActiveCfg = Debug|Any CPU
		{C7C57290-5E63-40E1-96B9-EB14A4D08F8C}.Debug|Any CPU.Build.0 = Debug|Any CPU
		{C7C57290-5E63-40E1-96B9-EB14A4D08F8C}.Release|Any CPU.ActiveCfg = Release|Any CPU
		{C7C57290-5E63-40E1-96B9-EB14A4D08F8C}.Release|Any CPU.Build.0 = Release|Any CPU
		{CD86DE37-F673-423F-B0B3-BC9614DAA688}.Debug|Any CPU.ActiveCfg = Debug|Any CPU
		{CD86DE37-F673-423F-B0B3-BC9614DAA688}.Debug|Any CPU.Build.0 = Debug|Any CPU
		{CD86DE37-F673-423F-B0B3-BC9614DAA688}.Release|Any CPU.ActiveCfg = Release|Any CPU
		{CD86DE37-F673-423F-B0B3-BC9614DAA688}.Release|Any CPU.Build.0 = Release|Any CPU
		{85DC8AB1-4B53-41EA-AD5B-1D0C178D3A21}.Debug|Any CPU.ActiveCfg = Debug|Any CPU
		{85DC8AB1-4B53-41EA-AD5B-1D0C178D3A21}.Debug|Any CPU.Build.0 = Debug|Any CPU
		{85DC8AB1-4B53-41EA-AD5B-1D0C178D3A21}.Release|Any CPU.ActiveCfg = Release|Any CPU
		{85DC8AB1-4B53-41EA-AD5B-1D0C178D3A21}.Release|Any CPU.Build.0 = Release|Any CPU
		{AE122333-DB76-4EF5-BDD8-E94986B05F69}.Debug|Any CPU.ActiveCfg = Debug|Any CPU
		{AE122333-DB76-4EF5-BDD8-E94986B05F69}.Debug|Any CPU.Build.0 = Debug|Any CPU
		{AE122333-DB76-4EF5-BDD8-E94986B05F69}.Release|Any CPU.ActiveCfg = Release|Any CPU
		{AE122333-DB76-4EF5-BDD8-E94986B05F69}.Release|Any CPU.Build.0 = Release|Any CPU
		{5563B4F0-1E2C-46A2-A80F-5488C780C5C7}.Debug|Any CPU.ActiveCfg = Debug|Any CPU
		{5563B4F0-1E2C-46A2-A80F-5488C780C5C7}.Debug|Any CPU.Build.0 = Debug|Any CPU
		{5563B4F0-1E2C-46A2-A80F-5488C780C5C7}.Release|Any CPU.ActiveCfg = Release|Any CPU
		{5563B4F0-1E2C-46A2-A80F-5488C780C5C7}.Release|Any CPU.Build.0 = Release|Any CPU
		{00261294-9974-40DD-962B-532C596A2222}.Debug|Any CPU.ActiveCfg = Debug|Any CPU
		{00261294-9974-40DD-962B-532C596A2222}.Debug|Any CPU.Build.0 = Debug|Any CPU
		{00261294-9974-40DD-962B-532C596A2222}.Release|Any CPU.ActiveCfg = Release|Any CPU
		{00261294-9974-40DD-962B-532C596A2222}.Release|Any CPU.Build.0 = Release|Any CPU
		{C9D15026-FDA7-41E0-9F07-76F4A244F3DC}.Debug|Any CPU.ActiveCfg = Debug|Any CPU
		{C9D15026-FDA7-41E0-9F07-76F4A244F3DC}.Debug|Any CPU.Build.0 = Debug|Any CPU
		{C9D15026-FDA7-41E0-9F07-76F4A244F3DC}.Release|Any CPU.ActiveCfg = Release|Any CPU
		{C9D15026-FDA7-41E0-9F07-76F4A244F3DC}.Release|Any CPU.Build.0 = Release|Any CPU
		{AFA5C013-0BA3-4E80-9FD3-C3C827E3EFA0}.Debug|Any CPU.ActiveCfg = Debug|Any CPU
		{AFA5C013-0BA3-4E80-9FD3-C3C827E3EFA0}.Debug|Any CPU.Build.0 = Debug|Any CPU
		{AFA5C013-0BA3-4E80-9FD3-C3C827E3EFA0}.Release|Any CPU.ActiveCfg = Release|Any CPU
		{AFA5C013-0BA3-4E80-9FD3-C3C827E3EFA0}.Release|Any CPU.Build.0 = Release|Any CPU
		{F5D07C87-ADEE-44E3-995E-7DCD6463E4E3}.Debug|Any CPU.ActiveCfg = Debug|Any CPU
		{F5D07C87-ADEE-44E3-995E-7DCD6463E4E3}.Debug|Any CPU.Build.0 = Debug|Any CPU
		{F5D07C87-ADEE-44E3-995E-7DCD6463E4E3}.Release|Any CPU.ActiveCfg = Release|Any CPU
		{F5D07C87-ADEE-44E3-995E-7DCD6463E4E3}.Release|Any CPU.Build.0 = Release|Any CPU
		{A1ACC369-4E2E-4E58-8BA6-034609B54E6A}.Debug|Any CPU.ActiveCfg = Debug|Any CPU
		{A1ACC369-4E2E-4E58-8BA6-034609B54E6A}.Debug|Any CPU.Build.0 = Debug|Any CPU
		{A1ACC369-4E2E-4E58-8BA6-034609B54E6A}.Release|Any CPU.ActiveCfg = Release|Any CPU
		{A1ACC369-4E2E-4E58-8BA6-034609B54E6A}.Release|Any CPU.Build.0 = Release|Any CPU
		{680FA140-1836-45D8-BE5C-1885BB657864}.Debug|Any CPU.ActiveCfg = Debug|Any CPU
		{680FA140-1836-45D8-BE5C-1885BB657864}.Debug|Any CPU.Build.0 = Debug|Any CPU
		{680FA140-1836-45D8-BE5C-1885BB657864}.Release|Any CPU.ActiveCfg = Release|Any CPU
		{680FA140-1836-45D8-BE5C-1885BB657864}.Release|Any CPU.Build.0 = Release|Any CPU
		{65C9ACC0-4B34-4289-9F8C-A3619D48AB3D}.Debug|Any CPU.ActiveCfg = Debug|Any CPU
		{65C9ACC0-4B34-4289-9F8C-A3619D48AB3D}.Debug|Any CPU.Build.0 = Debug|Any CPU
		{65C9ACC0-4B34-4289-9F8C-A3619D48AB3D}.Release|Any CPU.ActiveCfg = Release|Any CPU
		{65C9ACC0-4B34-4289-9F8C-A3619D48AB3D}.Release|Any CPU.Build.0 = Release|Any CPU
		{1EF29A1D-A170-4167-830B-17DCC679CA59}.Debug|Any CPU.ActiveCfg = Debug|Any CPU
		{1EF29A1D-A170-4167-830B-17DCC679CA59}.Debug|Any CPU.Build.0 = Debug|Any CPU
		{1EF29A1D-A170-4167-830B-17DCC679CA59}.Release|Any CPU.ActiveCfg = Release|Any CPU
		{1EF29A1D-A170-4167-830B-17DCC679CA59}.Release|Any CPU.Build.0 = Release|Any CPU
		{ED4D8B01-2C3B-412B-981B-986FBA6FB2FD}.Debug|Any CPU.ActiveCfg = Debug|Any CPU
		{ED4D8B01-2C3B-412B-981B-986FBA6FB2FD}.Debug|Any CPU.Build.0 = Debug|Any CPU
		{ED4D8B01-2C3B-412B-981B-986FBA6FB2FD}.Release|Any CPU.ActiveCfg = Release|Any CPU
		{ED4D8B01-2C3B-412B-981B-986FBA6FB2FD}.Release|Any CPU.Build.0 = Release|Any CPU
		{21966500-0147-494A-B389-7CFDE90DA70E}.Debug|Any CPU.ActiveCfg = Debug|Any CPU
		{21966500-0147-494A-B389-7CFDE90DA70E}.Debug|Any CPU.Build.0 = Debug|Any CPU
		{21966500-0147-494A-B389-7CFDE90DA70E}.Release|Any CPU.ActiveCfg = Release|Any CPU
		{21966500-0147-494A-B389-7CFDE90DA70E}.Release|Any CPU.Build.0 = Release|Any CPU
		{11BE7146-443C-4602-B81D-617868ED833F}.Debug|Any CPU.ActiveCfg = Debug|Any CPU
		{11BE7146-443C-4602-B81D-617868ED833F}.Debug|Any CPU.Build.0 = Debug|Any CPU
		{11BE7146-443C-4602-B81D-617868ED833F}.Release|Any CPU.ActiveCfg = Release|Any CPU
		{11BE7146-443C-4602-B81D-617868ED833F}.Release|Any CPU.Build.0 = Release|Any CPU
		{3FFE76F1-7204-4CD9-AB08-AD099E8D2D57}.Debug|Any CPU.ActiveCfg = Debug|Any CPU
		{3FFE76F1-7204-4CD9-AB08-AD099E8D2D57}.Debug|Any CPU.Build.0 = Debug|Any CPU
		{3FFE76F1-7204-4CD9-AB08-AD099E8D2D57}.Release|Any CPU.ActiveCfg = Release|Any CPU
		{3FFE76F1-7204-4CD9-AB08-AD099E8D2D57}.Release|Any CPU.Build.0 = Release|Any CPU
		{B827502A-EA76-4C16-B246-0E625A7ED80E}.Debug|Any CPU.ActiveCfg = Debug|Any CPU
		{B827502A-EA76-4C16-B246-0E625A7ED80E}.Debug|Any CPU.Build.0 = Debug|Any CPU
		{B827502A-EA76-4C16-B246-0E625A7ED80E}.Release|Any CPU.ActiveCfg = Release|Any CPU
		{B827502A-EA76-4C16-B246-0E625A7ED80E}.Release|Any CPU.Build.0 = Release|Any CPU
		{9EDD3621-6E2B-41AD-8F6A-F8C4CD113566}.Debug|Any CPU.ActiveCfg = Debug|Any CPU
		{9EDD3621-6E2B-41AD-8F6A-F8C4CD113566}.Debug|Any CPU.Build.0 = Debug|Any CPU
		{9EDD3621-6E2B-41AD-8F6A-F8C4CD113566}.Release|Any CPU.ActiveCfg = Release|Any CPU
		{9EDD3621-6E2B-41AD-8F6A-F8C4CD113566}.Release|Any CPU.Build.0 = Release|Any CPU
		{ADE822A6-9D1E-98B1-696F-25D37BFCF7CA}.Debug|Any CPU.ActiveCfg = Debug|Any CPU
		{ADE822A6-9D1E-98B1-696F-25D37BFCF7CA}.Debug|Any CPU.Build.0 = Debug|Any CPU
		{ADE822A6-9D1E-98B1-696F-25D37BFCF7CA}.Release|Any CPU.ActiveCfg = Release|Any CPU
		{ADE822A6-9D1E-98B1-696F-25D37BFCF7CA}.Release|Any CPU.Build.0 = Release|Any CPU
		{6679D5D0-8D40-44AC-9D20-0FD1303D45A2}.Debug|Any CPU.ActiveCfg = Debug|Any CPU
		{6679D5D0-8D40-44AC-9D20-0FD1303D45A2}.Debug|Any CPU.Build.0 = Debug|Any CPU
		{6679D5D0-8D40-44AC-9D20-0FD1303D45A2}.Release|Any CPU.ActiveCfg = Release|Any CPU
		{6679D5D0-8D40-44AC-9D20-0FD1303D45A2}.Release|Any CPU.Build.0 = Release|Any CPU
		{6B3DD564-FD57-4EAA-8696-A15A5A6FFF29}.Debug|Any CPU.ActiveCfg = Debug|Any CPU
		{6B3DD564-FD57-4EAA-8696-A15A5A6FFF29}.Debug|Any CPU.Build.0 = Debug|Any CPU
		{6B3DD564-FD57-4EAA-8696-A15A5A6FFF29}.Release|Any CPU.ActiveCfg = Release|Any CPU
		{6B3DD564-FD57-4EAA-8696-A15A5A6FFF29}.Release|Any CPU.Build.0 = Release|Any CPU
		{C10F7EBE-4898-44F9-9934-0727A20169BE}.Debug|Any CPU.ActiveCfg = Debug|Any CPU
		{C10F7EBE-4898-44F9-9934-0727A20169BE}.Debug|Any CPU.Build.0 = Debug|Any CPU
		{C10F7EBE-4898-44F9-9934-0727A20169BE}.Release|Any CPU.ActiveCfg = Release|Any CPU
		{C10F7EBE-4898-44F9-9934-0727A20169BE}.Release|Any CPU.Build.0 = Release|Any CPU
		{589B71FD-5C3C-4C86-A83E-57929F95A8A2}.Debug|Any CPU.ActiveCfg = Debug|Any CPU
		{589B71FD-5C3C-4C86-A83E-57929F95A8A2}.Debug|Any CPU.Build.0 = Debug|Any CPU
		{589B71FD-5C3C-4C86-A83E-57929F95A8A2}.Release|Any CPU.ActiveCfg = Release|Any CPU
		{589B71FD-5C3C-4C86-A83E-57929F95A8A2}.Release|Any CPU.Build.0 = Release|Any CPU
		{76E9A7CA-5A37-B92F-1B4A-F94761C42001}.Debug|Any CPU.ActiveCfg = Debug|Any CPU
		{76E9A7CA-5A37-B92F-1B4A-F94761C42001}.Debug|Any CPU.Build.0 = Debug|Any CPU
		{76E9A7CA-5A37-B92F-1B4A-F94761C42001}.Release|Any CPU.ActiveCfg = Release|Any CPU
		{76E9A7CA-5A37-B92F-1B4A-F94761C42001}.Release|Any CPU.Build.0 = Release|Any CPU
		{D6670250-5E40-C918-0747-48A745EC7431}.Debug|Any CPU.ActiveCfg = Debug|Any CPU
		{D6670250-5E40-C918-0747-48A745EC7431}.Debug|Any CPU.Build.0 = Debug|Any CPU
		{D6670250-5E40-C918-0747-48A745EC7431}.Release|Any CPU.ActiveCfg = Release|Any CPU
		{D6670250-5E40-C918-0747-48A745EC7431}.Release|Any CPU.Build.0 = Release|Any CPU
		{A39A638B-4E59-DE47-714D-5714F1FD1D22}.Debug|Any CPU.ActiveCfg = Debug|Any CPU
		{A39A638B-4E59-DE47-714D-5714F1FD1D22}.Debug|Any CPU.Build.0 = Debug|Any CPU
		{A39A638B-4E59-DE47-714D-5714F1FD1D22}.Release|Any CPU.ActiveCfg = Release|Any CPU
		{A39A638B-4E59-DE47-714D-5714F1FD1D22}.Release|Any CPU.Build.0 = Release|Any CPU
		{77407399-508D-A313-2DDE-50CB6CD38FA7}.Debug|Any CPU.ActiveCfg = Debug|Any CPU
		{77407399-508D-A313-2DDE-50CB6CD38FA7}.Debug|Any CPU.Build.0 = Debug|Any CPU
		{77407399-508D-A313-2DDE-50CB6CD38FA7}.Release|Any CPU.ActiveCfg = Release|Any CPU
		{77407399-508D-A313-2DDE-50CB6CD38FA7}.Release|Any CPU.Build.0 = Release|Any CPU
		{A018110D-39E7-D8A6-D4CB-0FD1B86E9D12}.Debug|Any CPU.ActiveCfg = Debug|Any CPU
		{A018110D-39E7-D8A6-D4CB-0FD1B86E9D12}.Debug|Any CPU.Build.0 = Debug|Any CPU
		{A018110D-39E7-D8A6-D4CB-0FD1B86E9D12}.Release|Any CPU.ActiveCfg = Release|Any CPU
		{A018110D-39E7-D8A6-D4CB-0FD1B86E9D12}.Release|Any CPU.Build.0 = Release|Any CPU
		{4671543B-D08A-7E66-880A-CF6EFECE0124}.Debug|Any CPU.ActiveCfg = Debug|Any CPU
		{4671543B-D08A-7E66-880A-CF6EFECE0124}.Debug|Any CPU.Build.0 = Debug|Any CPU
		{4671543B-D08A-7E66-880A-CF6EFECE0124}.Release|Any CPU.ActiveCfg = Release|Any CPU
		{4671543B-D08A-7E66-880A-CF6EFECE0124}.Release|Any CPU.Build.0 = Release|Any CPU
		{504C946E-4DF7-BC74-B275-4098863CDD5C}.Debug|Any CPU.ActiveCfg = Debug|Any CPU
		{504C946E-4DF7-BC74-B275-4098863CDD5C}.Debug|Any CPU.Build.0 = Debug|Any CPU
		{504C946E-4DF7-BC74-B275-4098863CDD5C}.Release|Any CPU.ActiveCfg = Release|Any CPU
		{504C946E-4DF7-BC74-B275-4098863CDD5C}.Release|Any CPU.Build.0 = Release|Any CPU
		{0614FFBA-0470-4BC8-9334-2EFCEDE669D7}.Debug|Any CPU.ActiveCfg = Debug|Any CPU
		{0614FFBA-0470-4BC8-9334-2EFCEDE669D7}.Debug|Any CPU.Build.0 = Debug|Any CPU
		{0614FFBA-0470-4BC8-9334-2EFCEDE669D7}.Release|Any CPU.ActiveCfg = Release|Any CPU
		{0614FFBA-0470-4BC8-9334-2EFCEDE669D7}.Release|Any CPU.Build.0 = Release|Any CPU
	EndGlobalSection
	GlobalSection(SolutionProperties) = preSolution
		HideSolutionNode = FALSE
	EndGlobalSection
	GlobalSection(NestedProjects) = preSolution
		{56F5A3D3-3388-476F-9852-D531BE14A9F8} = {825F97E7-5A2D-4D93-81AD-292F54FE2AC7}
		{38C0DDA2-6C7D-41F1-90F6-0B1DDA86C0EC} = {825F97E7-5A2D-4D93-81AD-292F54FE2AC7}
		{88179FFC-0863-4C4F-9860-68EB1471E59F} = {825F97E7-5A2D-4D93-81AD-292F54FE2AC7}
		{E3A52FDC-1C4D-430F-A1BA-BFC5671181D4} = {825F97E7-5A2D-4D93-81AD-292F54FE2AC7}
		{DC747214-80C3-46A0-B971-D24009AAD24A} = {825F97E7-5A2D-4D93-81AD-292F54FE2AC7}
	EndGlobalSection
	GlobalSection(ExtensibilityGlobals) = postSolution
		SolutionGuid = {ED4FF66B-4A6D-4440-8721-23C5ED09791C}
	EndGlobalSection
EndGlobal
