
Microsoft Visual Studio Solution File, Format Version 12.00
# Visual Studio Version 16
VisualStudioVersion = 16.0.29411.108
MinimumVisualStudioVersion = 10.0.40219.1
Project("{9A19103F-16F7-4668-BE54-9A1E7A4F7556}") = "AssetRipperConsole", "AssetRipperConsole\AssetRipperConsole.csproj", "{C9583270-6D3E-4CBF-8011-A818A7D8F3DC}"
EndProject
Project("{9A19103F-16F7-4668-BE54-9A1E7A4F7556}") = "AssetRipperCore", "AssetRipperCore\AssetRipperCore.csproj", "{CA9420F4-4B54-4727-91E6-CCE20916D795}"
EndProject
Project("{9A19103F-16F7-4668-BE54-9A1E7A4F7556}") = "AssetRipperGUI", "AssetRipperGUI\AssetRipperGUI.csproj", "{ADEE41C3-2951-4CD7-99B8-6F542D4DB28D}"
EndProject
Project("{2150E333-8FDC-42A3-9474-1A3956D46DE8}") = "Solution Items", "Solution Items", "{825F97E7-5A2D-4D93-81AD-292F54FE2AC7}"
	ProjectSection(SolutionItems) = preProject
		.editorconfig = .editorconfig
		.gitignore = .gitignore
		LICENSE = LICENSE
		README.md = README.md
	EndProjectSection
EndProject
Project("{2150E333-8FDC-42A3-9474-1A3956D46DE8}") = "Licenses", "Licenses", "{56F5A3D3-3388-476F-9852-D531BE14A9F8}"
	ProjectSection(SolutionItems) = preProject
		Licenses\AssetStudio.md = Licenses\AssetStudio.md
		Licenses\Brotli.md = Licenses\Brotli.md
		Licenses\Cpp2IL.md = Licenses\Cpp2IL.md
		Licenses\FMOD.md = Licenses\FMOD.md
		Licenses\Lz4.md = Licenses\Lz4.md
		Licenses\MonoCecil.md = Licenses\MonoCecil.md
		Licenses\Smolv.md = Licenses\Smolv.md
		Licenses\SpirV.md = Licenses\SpirV.md
		Licenses\uTinyRipper.md = Licenses\uTinyRipper.md
	EndProjectSection
EndProject
Project("{9A19103F-16F7-4668-BE54-9A1E7A4F7556}") = "Brotli", "Brotli\Brotli.csproj", "{DE764903-A3F8-4A04-80DF-BA487A26DF75}"
EndProject
Project("{9A19103F-16F7-4668-BE54-9A1E7A4F7556}") = "DXShaderRestorer", "DXShaderRestorer\DXShaderRestorer.csproj", "{CF2E94CC-82B3-4143-B793-1104AF161630}"
EndProject
Project("{9A19103F-16F7-4668-BE54-9A1E7A4F7556}") = "SpirV", "SpirV\SpirV.csproj", "{EEC07247-C8CC-40F0-AD1A-C6780F01D659}"
EndProject
Project("{9A19103F-16F7-4668-BE54-9A1E7A4F7556}") = "Smolv", "Smolv\Smolv.csproj", "{17649F08-1065-4956-A810-A35A5C75E7E6}"
EndProject
Project("{9A19103F-16F7-4668-BE54-9A1E7A4F7556}") = "SevenZip", "SevenZip\SevenZip.csproj", "{313E4411-8805-4F58-A678-408803CC4B01}"
EndProject
Project("{9A19103F-16F7-4668-BE54-9A1E7A4F7556}") = "FMOD", "FMOD\FMOD.csproj", "{2D3F628E-CB89-416D-8DE6-AAF6C5D6A6B7}"
EndProject
Project("{9A19103F-16F7-4668-BE54-9A1E7A4F7556}") = "AssetRipperLibrary", "AssetRipperLibrary\AssetRipperLibrary.csproj", "{36C3C081-547B-4C0C-98D0-BB90BA07B976}"
EndProject
Project("{9A19103F-16F7-4668-BE54-9A1E7A4F7556}") = "UnitTester", "UnitTester\UnitTester.csproj", "{7B061A55-5B4A-4A22-B0A6-A4BF2093BF42}"
EndProject
Global
	GlobalSection(SolutionConfigurationPlatforms) = preSolution
		Debug|Any CPU = Debug|Any CPU
		Debug|x64 = Debug|x64
		Debug|x86 = Debug|x86
		Release|Any CPU = Release|Any CPU
		Release|x64 = Release|x64
		Release|x86 = Release|x86
		Virtual|Any CPU = Virtual|Any CPU
		Virtual|x64 = Virtual|x64
		Virtual|x86 = Virtual|x86
	EndGlobalSection
	GlobalSection(ProjectConfigurationPlatforms) = postSolution
		{C9583270-6D3E-4CBF-8011-A818A7D8F3DC}.Debug|Any CPU.ActiveCfg = Debug|x64
		{C9583270-6D3E-4CBF-8011-A818A7D8F3DC}.Debug|x64.ActiveCfg = Debug|x64
		{C9583270-6D3E-4CBF-8011-A818A7D8F3DC}.Debug|x64.Build.0 = Debug|x64
		{C9583270-6D3E-4CBF-8011-A818A7D8F3DC}.Debug|x86.ActiveCfg = Debug|x86
		{C9583270-6D3E-4CBF-8011-A818A7D8F3DC}.Debug|x86.Build.0 = Debug|x86
		{C9583270-6D3E-4CBF-8011-A818A7D8F3DC}.Release|Any CPU.ActiveCfg = Release|x64
		{C9583270-6D3E-4CBF-8011-A818A7D8F3DC}.Release|x64.ActiveCfg = Release|x64
		{C9583270-6D3E-4CBF-8011-A818A7D8F3DC}.Release|x64.Build.0 = Release|x64
		{C9583270-6D3E-4CBF-8011-A818A7D8F3DC}.Release|x86.ActiveCfg = Release|x86
		{C9583270-6D3E-4CBF-8011-A818A7D8F3DC}.Release|x86.Build.0 = Release|x86
		{C9583270-6D3E-4CBF-8011-A818A7D8F3DC}.Virtual|Any CPU.ActiveCfg = Virtual|x64
		{C9583270-6D3E-4CBF-8011-A818A7D8F3DC}.Virtual|x64.ActiveCfg = Virtual|x64
		{C9583270-6D3E-4CBF-8011-A818A7D8F3DC}.Virtual|x64.Build.0 = Virtual|x64
		{C9583270-6D3E-4CBF-8011-A818A7D8F3DC}.Virtual|x86.ActiveCfg = Virtual|x86
		{C9583270-6D3E-4CBF-8011-A818A7D8F3DC}.Virtual|x86.Build.0 = Virtual|x86
		{CA9420F4-4B54-4727-91E6-CCE20916D795}.Debug|Any CPU.ActiveCfg = Debug|Any CPU
		{CA9420F4-4B54-4727-91E6-CCE20916D795}.Debug|Any CPU.Build.0 = Debug|Any CPU
		{CA9420F4-4B54-4727-91E6-CCE20916D795}.Debug|x64.ActiveCfg = Debug|Any CPU
		{CA9420F4-4B54-4727-91E6-CCE20916D795}.Debug|x64.Build.0 = Debug|Any CPU
		{CA9420F4-4B54-4727-91E6-CCE20916D795}.Debug|x86.ActiveCfg = Debug|Any CPU
		{CA9420F4-4B54-4727-91E6-CCE20916D795}.Debug|x86.Build.0 = Debug|Any CPU
		{CA9420F4-4B54-4727-91E6-CCE20916D795}.Release|Any CPU.ActiveCfg = Release|Any CPU
		{CA9420F4-4B54-4727-91E6-CCE20916D795}.Release|Any CPU.Build.0 = Release|Any CPU
		{CA9420F4-4B54-4727-91E6-CCE20916D795}.Release|x64.ActiveCfg = Release|Any CPU
		{CA9420F4-4B54-4727-91E6-CCE20916D795}.Release|x64.Build.0 = Release|Any CPU
		{CA9420F4-4B54-4727-91E6-CCE20916D795}.Release|x86.ActiveCfg = Release|Any CPU
		{CA9420F4-4B54-4727-91E6-CCE20916D795}.Release|x86.Build.0 = Release|Any CPU
		{CA9420F4-4B54-4727-91E6-CCE20916D795}.Virtual|Any CPU.ActiveCfg = Virtual|Any CPU
		{CA9420F4-4B54-4727-91E6-CCE20916D795}.Virtual|Any CPU.Build.0 = Virtual|Any CPU
		{CA9420F4-4B54-4727-91E6-CCE20916D795}.Virtual|x64.ActiveCfg = Virtual|Any CPU
		{CA9420F4-4B54-4727-91E6-CCE20916D795}.Virtual|x64.Build.0 = Virtual|Any CPU
		{CA9420F4-4B54-4727-91E6-CCE20916D795}.Virtual|x86.ActiveCfg = Virtual|Any CPU
		{CA9420F4-4B54-4727-91E6-CCE20916D795}.Virtual|x86.Build.0 = Virtual|Any CPU
		{ADEE41C3-2951-4CD7-99B8-6F542D4DB28D}.Debug|Any CPU.ActiveCfg = Debug|x64
		{ADEE41C3-2951-4CD7-99B8-6F542D4DB28D}.Debug|x64.ActiveCfg = Debug|x64
		{ADEE41C3-2951-4CD7-99B8-6F542D4DB28D}.Debug|x64.Build.0 = Debug|x64
		{ADEE41C3-2951-4CD7-99B8-6F542D4DB28D}.Debug|x86.ActiveCfg = Debug|x86
		{ADEE41C3-2951-4CD7-99B8-6F542D4DB28D}.Debug|x86.Build.0 = Debug|x86
		{ADEE41C3-2951-4CD7-99B8-6F542D4DB28D}.Release|Any CPU.ActiveCfg = Release|x64
		{ADEE41C3-2951-4CD7-99B8-6F542D4DB28D}.Release|x64.ActiveCfg = Release|x64
		{ADEE41C3-2951-4CD7-99B8-6F542D4DB28D}.Release|x64.Build.0 = Release|x64
		{ADEE41C3-2951-4CD7-99B8-6F542D4DB28D}.Release|x86.ActiveCfg = Release|x86
		{ADEE41C3-2951-4CD7-99B8-6F542D4DB28D}.Release|x86.Build.0 = Release|x86
		{ADEE41C3-2951-4CD7-99B8-6F542D4DB28D}.Virtual|Any CPU.ActiveCfg = Virtual|x64
		{ADEE41C3-2951-4CD7-99B8-6F542D4DB28D}.Virtual|x64.ActiveCfg = Virtual|x64
		{ADEE41C3-2951-4CD7-99B8-6F542D4DB28D}.Virtual|x64.Build.0 = Virtual|x64
		{ADEE41C3-2951-4CD7-99B8-6F542D4DB28D}.Virtual|x86.ActiveCfg = Virtual|x86
		{ADEE41C3-2951-4CD7-99B8-6F542D4DB28D}.Virtual|x86.Build.0 = Virtual|x86
		{DE764903-A3F8-4A04-80DF-BA487A26DF75}.Debug|Any CPU.ActiveCfg = Debug|Any CPU
		{DE764903-A3F8-4A04-80DF-BA487A26DF75}.Debug|Any CPU.Build.0 = Debug|Any CPU
		{DE764903-A3F8-4A04-80DF-BA487A26DF75}.Debug|x64.ActiveCfg = Debug|Any CPU
		{DE764903-A3F8-4A04-80DF-BA487A26DF75}.Debug|x64.Build.0 = Debug|Any CPU
		{DE764903-A3F8-4A04-80DF-BA487A26DF75}.Debug|x86.ActiveCfg = Debug|Any CPU
		{DE764903-A3F8-4A04-80DF-BA487A26DF75}.Debug|x86.Build.0 = Debug|Any CPU
		{DE764903-A3F8-4A04-80DF-BA487A26DF75}.Release|Any CPU.ActiveCfg = Release|Any CPU
		{DE764903-A3F8-4A04-80DF-BA487A26DF75}.Release|Any CPU.Build.0 = Release|Any CPU
		{DE764903-A3F8-4A04-80DF-BA487A26DF75}.Release|x64.ActiveCfg = Release|Any CPU
		{DE764903-A3F8-4A04-80DF-BA487A26DF75}.Release|x64.Build.0 = Release|Any CPU
		{DE764903-A3F8-4A04-80DF-BA487A26DF75}.Release|x86.ActiveCfg = Release|Any CPU
		{DE764903-A3F8-4A04-80DF-BA487A26DF75}.Release|x86.Build.0 = Release|Any CPU
		{DE764903-A3F8-4A04-80DF-BA487A26DF75}.Virtual|Any CPU.ActiveCfg = Virtual|Any CPU
		{DE764903-A3F8-4A04-80DF-BA487A26DF75}.Virtual|Any CPU.Build.0 = Virtual|Any CPU
		{DE764903-A3F8-4A04-80DF-BA487A26DF75}.Virtual|x64.ActiveCfg = Virtual|Any CPU
		{DE764903-A3F8-4A04-80DF-BA487A26DF75}.Virtual|x64.Build.0 = Virtual|Any CPU
		{DE764903-A3F8-4A04-80DF-BA487A26DF75}.Virtual|x86.ActiveCfg = Virtual|Any CPU
		{DE764903-A3F8-4A04-80DF-BA487A26DF75}.Virtual|x86.Build.0 = Virtual|Any CPU
		{CF2E94CC-82B3-4143-B793-1104AF161630}.Debug|Any CPU.ActiveCfg = Debug|Any CPU
		{CF2E94CC-82B3-4143-B793-1104AF161630}.Debug|Any CPU.Build.0 = Debug|Any CPU
		{CF2E94CC-82B3-4143-B793-1104AF161630}.Debug|x64.ActiveCfg = Debug|Any CPU
		{CF2E94CC-82B3-4143-B793-1104AF161630}.Debug|x64.Build.0 = Debug|Any CPU
		{CF2E94CC-82B3-4143-B793-1104AF161630}.Debug|x86.ActiveCfg = Debug|Any CPU
		{CF2E94CC-82B3-4143-B793-1104AF161630}.Debug|x86.Build.0 = Debug|Any CPU
		{CF2E94CC-82B3-4143-B793-1104AF161630}.Release|Any CPU.ActiveCfg = Release|Any CPU
		{CF2E94CC-82B3-4143-B793-1104AF161630}.Release|Any CPU.Build.0 = Release|Any CPU
		{CF2E94CC-82B3-4143-B793-1104AF161630}.Release|x64.ActiveCfg = Release|Any CPU
		{CF2E94CC-82B3-4143-B793-1104AF161630}.Release|x64.Build.0 = Release|Any CPU
		{CF2E94CC-82B3-4143-B793-1104AF161630}.Release|x86.ActiveCfg = Release|Any CPU
		{CF2E94CC-82B3-4143-B793-1104AF161630}.Release|x86.Build.0 = Release|Any CPU
		{CF2E94CC-82B3-4143-B793-1104AF161630}.Virtual|Any CPU.ActiveCfg = Virtual|Any CPU
		{CF2E94CC-82B3-4143-B793-1104AF161630}.Virtual|Any CPU.Build.0 = Virtual|Any CPU
		{CF2E94CC-82B3-4143-B793-1104AF161630}.Virtual|x64.ActiveCfg = Virtual|Any CPU
		{CF2E94CC-82B3-4143-B793-1104AF161630}.Virtual|x64.Build.0 = Virtual|Any CPU
		{CF2E94CC-82B3-4143-B793-1104AF161630}.Virtual|x86.ActiveCfg = Virtual|Any CPU
		{CF2E94CC-82B3-4143-B793-1104AF161630}.Virtual|x86.Build.0 = Virtual|Any CPU
		{EEC07247-C8CC-40F0-AD1A-C6780F01D659}.Debug|Any CPU.ActiveCfg = Debug|Any CPU
		{EEC07247-C8CC-40F0-AD1A-C6780F01D659}.Debug|Any CPU.Build.0 = Debug|Any CPU
		{EEC07247-C8CC-40F0-AD1A-C6780F01D659}.Debug|x64.ActiveCfg = Debug|Any CPU
		{EEC07247-C8CC-40F0-AD1A-C6780F01D659}.Debug|x64.Build.0 = Debug|Any CPU
		{EEC07247-C8CC-40F0-AD1A-C6780F01D659}.Debug|x86.ActiveCfg = Debug|Any CPU
		{EEC07247-C8CC-40F0-AD1A-C6780F01D659}.Debug|x86.Build.0 = Debug|Any CPU
		{EEC07247-C8CC-40F0-AD1A-C6780F01D659}.Release|Any CPU.ActiveCfg = Release|Any CPU
		{EEC07247-C8CC-40F0-AD1A-C6780F01D659}.Release|Any CPU.Build.0 = Release|Any CPU
		{EEC07247-C8CC-40F0-AD1A-C6780F01D659}.Release|x64.ActiveCfg = Release|Any CPU
		{EEC07247-C8CC-40F0-AD1A-C6780F01D659}.Release|x64.Build.0 = Release|Any CPU
		{EEC07247-C8CC-40F0-AD1A-C6780F01D659}.Release|x86.ActiveCfg = Release|Any CPU
		{EEC07247-C8CC-40F0-AD1A-C6780F01D659}.Release|x86.Build.0 = Release|Any CPU
		{EEC07247-C8CC-40F0-AD1A-C6780F01D659}.Virtual|Any CPU.ActiveCfg = Virtual|Any CPU
		{EEC07247-C8CC-40F0-AD1A-C6780F01D659}.Virtual|Any CPU.Build.0 = Virtual|Any CPU
		{EEC07247-C8CC-40F0-AD1A-C6780F01D659}.Virtual|x64.ActiveCfg = Virtual|Any CPU
		{EEC07247-C8CC-40F0-AD1A-C6780F01D659}.Virtual|x64.Build.0 = Virtual|Any CPU
		{EEC07247-C8CC-40F0-AD1A-C6780F01D659}.Virtual|x86.ActiveCfg = Virtual|Any CPU
		{EEC07247-C8CC-40F0-AD1A-C6780F01D659}.Virtual|x86.Build.0 = Virtual|Any CPU
		{17649F08-1065-4956-A810-A35A5C75E7E6}.Debug|Any CPU.ActiveCfg = Debug|Any CPU
		{17649F08-1065-4956-A810-A35A5C75E7E6}.Debug|Any CPU.Build.0 = Debug|Any CPU
		{17649F08-1065-4956-A810-A35A5C75E7E6}.Debug|x64.ActiveCfg = Debug|Any CPU
		{17649F08-1065-4956-A810-A35A5C75E7E6}.Debug|x64.Build.0 = Debug|Any CPU
		{17649F08-1065-4956-A810-A35A5C75E7E6}.Debug|x86.ActiveCfg = Debug|Any CPU
		{17649F08-1065-4956-A810-A35A5C75E7E6}.Debug|x86.Build.0 = Debug|Any CPU
		{17649F08-1065-4956-A810-A35A5C75E7E6}.Release|Any CPU.ActiveCfg = Release|Any CPU
		{17649F08-1065-4956-A810-A35A5C75E7E6}.Release|Any CPU.Build.0 = Release|Any CPU
		{17649F08-1065-4956-A810-A35A5C75E7E6}.Release|x64.ActiveCfg = Release|Any CPU
		{17649F08-1065-4956-A810-A35A5C75E7E6}.Release|x64.Build.0 = Release|Any CPU
		{17649F08-1065-4956-A810-A35A5C75E7E6}.Release|x86.ActiveCfg = Release|Any CPU
		{17649F08-1065-4956-A810-A35A5C75E7E6}.Release|x86.Build.0 = Release|Any CPU
		{17649F08-1065-4956-A810-A35A5C75E7E6}.Virtual|Any CPU.ActiveCfg = Virtual|Any CPU
		{17649F08-1065-4956-A810-A35A5C75E7E6}.Virtual|Any CPU.Build.0 = Virtual|Any CPU
		{17649F08-1065-4956-A810-A35A5C75E7E6}.Virtual|x64.ActiveCfg = Virtual|Any CPU
		{17649F08-1065-4956-A810-A35A5C75E7E6}.Virtual|x64.Build.0 = Virtual|Any CPU
		{17649F08-1065-4956-A810-A35A5C75E7E6}.Virtual|x86.ActiveCfg = Virtual|Any CPU
		{17649F08-1065-4956-A810-A35A5C75E7E6}.Virtual|x86.Build.0 = Virtual|Any CPU
		{313E4411-8805-4F58-A678-408803CC4B01}.Debug|Any CPU.ActiveCfg = Debug|Any CPU
		{313E4411-8805-4F58-A678-408803CC4B01}.Debug|Any CPU.Build.0 = Debug|Any CPU
		{313E4411-8805-4F58-A678-408803CC4B01}.Debug|x64.ActiveCfg = Debug|Any CPU
		{313E4411-8805-4F58-A678-408803CC4B01}.Debug|x64.Build.0 = Debug|Any CPU
		{313E4411-8805-4F58-A678-408803CC4B01}.Debug|x86.ActiveCfg = Debug|Any CPU
		{313E4411-8805-4F58-A678-408803CC4B01}.Debug|x86.Build.0 = Debug|Any CPU
		{313E4411-8805-4F58-A678-408803CC4B01}.Release|Any CPU.ActiveCfg = Release|Any CPU
		{313E4411-8805-4F58-A678-408803CC4B01}.Release|Any CPU.Build.0 = Release|Any CPU
		{313E4411-8805-4F58-A678-408803CC4B01}.Release|x64.ActiveCfg = Release|Any CPU
		{313E4411-8805-4F58-A678-408803CC4B01}.Release|x64.Build.0 = Release|Any CPU
		{313E4411-8805-4F58-A678-408803CC4B01}.Release|x86.ActiveCfg = Release|Any CPU
		{313E4411-8805-4F58-A678-408803CC4B01}.Release|x86.Build.0 = Release|Any CPU
		{313E4411-8805-4F58-A678-408803CC4B01}.Virtual|Any CPU.ActiveCfg = Virtual|Any CPU
		{313E4411-8805-4F58-A678-408803CC4B01}.Virtual|Any CPU.Build.0 = Virtual|Any CPU
		{313E4411-8805-4F58-A678-408803CC4B01}.Virtual|x64.ActiveCfg = Virtual|Any CPU
		{313E4411-8805-4F58-A678-408803CC4B01}.Virtual|x64.Build.0 = Virtual|Any CPU
		{313E4411-8805-4F58-A678-408803CC4B01}.Virtual|x86.ActiveCfg = Virtual|Any CPU
		{313E4411-8805-4F58-A678-408803CC4B01}.Virtual|x86.Build.0 = Virtual|Any CPU
		{2D3F628E-CB89-416D-8DE6-AAF6C5D6A6B7}.Debug|Any CPU.ActiveCfg = Debug|x64
		{2D3F628E-CB89-416D-8DE6-AAF6C5D6A6B7}.Debug|x64.ActiveCfg = Debug|x64
		{2D3F628E-CB89-416D-8DE6-AAF6C5D6A6B7}.Debug|x64.Build.0 = Debug|x64
		{2D3F628E-CB89-416D-8DE6-AAF6C5D6A6B7}.Debug|x86.ActiveCfg = Debug|x86
		{2D3F628E-CB89-416D-8DE6-AAF6C5D6A6B7}.Debug|x86.Build.0 = Debug|x86
		{2D3F628E-CB89-416D-8DE6-AAF6C5D6A6B7}.Release|Any CPU.ActiveCfg = Release|x64
		{2D3F628E-CB89-416D-8DE6-AAF6C5D6A6B7}.Release|x64.ActiveCfg = Release|x64
		{2D3F628E-CB89-416D-8DE6-AAF6C5D6A6B7}.Release|x64.Build.0 = Release|x64
		{2D3F628E-CB89-416D-8DE6-AAF6C5D6A6B7}.Release|x86.ActiveCfg = Release|x86
		{2D3F628E-CB89-416D-8DE6-AAF6C5D6A6B7}.Release|x86.Build.0 = Release|x86
		{2D3F628E-CB89-416D-8DE6-AAF6C5D6A6B7}.Virtual|Any CPU.ActiveCfg = Virtual|x64
		{2D3F628E-CB89-416D-8DE6-AAF6C5D6A6B7}.Virtual|x64.ActiveCfg = Virtual|x64
		{2D3F628E-CB89-416D-8DE6-AAF6C5D6A6B7}.Virtual|x64.Build.0 = Virtual|x64
		{2D3F628E-CB89-416D-8DE6-AAF6C5D6A6B7}.Virtual|x86.ActiveCfg = Virtual|x86
		{2D3F628E-CB89-416D-8DE6-AAF6C5D6A6B7}.Virtual|x86.Build.0 = Virtual|x86
		{36C3C081-547B-4C0C-98D0-BB90BA07B976}.Debug|Any CPU.ActiveCfg = Debug|x64
		{36C3C081-547B-4C0C-98D0-BB90BA07B976}.Debug|x64.ActiveCfg = Debug|x64
		{36C3C081-547B-4C0C-98D0-BB90BA07B976}.Debug|x64.Build.0 = Debug|x64
		{36C3C081-547B-4C0C-98D0-BB90BA07B976}.Debug|x86.ActiveCfg = Debug|x86
		{36C3C081-547B-4C0C-98D0-BB90BA07B976}.Debug|x86.Build.0 = Debug|x86
		{36C3C081-547B-4C0C-98D0-BB90BA07B976}.Release|Any CPU.ActiveCfg = Release|x64
		{36C3C081-547B-4C0C-98D0-BB90BA07B976}.Release|x64.ActiveCfg = Release|x64
		{36C3C081-547B-4C0C-98D0-BB90BA07B976}.Release|x64.Build.0 = Release|x64
		{36C3C081-547B-4C0C-98D0-BB90BA07B976}.Release|x86.ActiveCfg = Release|x86
		{36C3C081-547B-4C0C-98D0-BB90BA07B976}.Release|x86.Build.0 = Release|x86
		{36C3C081-547B-4C0C-98D0-BB90BA07B976}.Virtual|Any CPU.ActiveCfg = Virtual|x64
		{36C3C081-547B-4C0C-98D0-BB90BA07B976}.Virtual|x64.ActiveCfg = Virtual|x64
		{36C3C081-547B-4C0C-98D0-BB90BA07B976}.Virtual|x64.Build.0 = Virtual|x64
		{36C3C081-547B-4C0C-98D0-BB90BA07B976}.Virtual|x86.ActiveCfg = Virtual|x86
		{36C3C081-547B-4C0C-98D0-BB90BA07B976}.Virtual|x86.Build.0 = Virtual|x86
		{7B061A55-5B4A-4A22-B0A6-A4BF2093BF42}.Debug|Any CPU.ActiveCfg = Release|x64
		{7B061A55-5B4A-4A22-B0A6-A4BF2093BF42}.Debug|x64.ActiveCfg = Release|x64
		{7B061A55-5B4A-4A22-B0A6-A4BF2093BF42}.Debug|x86.ActiveCfg = Release|x86
		{7B061A55-5B4A-4A22-B0A6-A4BF2093BF42}.Release|Any CPU.ActiveCfg = Release|x64
		{7B061A55-5B4A-4A22-B0A6-A4BF2093BF42}.Release|x64.ActiveCfg = Release|x64
		{7B061A55-5B4A-4A22-B0A6-A4BF2093BF42}.Release|x64.Build.0 = Release|x64
		{7B061A55-5B4A-4A22-B0A6-A4BF2093BF42}.Release|x86.ActiveCfg = Release|x86
		{7B061A55-5B4A-4A22-B0A6-A4BF2093BF42}.Release|x86.Build.0 = Release|x86
		{7B061A55-5B4A-4A22-B0A6-A4BF2093BF42}.Virtual|Any CPU.ActiveCfg = Release|x64
		{7B061A55-5B4A-4A22-B0A6-A4BF2093BF42}.Virtual|x64.ActiveCfg = Release|x64
		{7B061A55-5B4A-4A22-B0A6-A4BF2093BF42}.Virtual|x86.ActiveCfg = Release|x86
	EndGlobalSection
	GlobalSection(SolutionProperties) = preSolution
		HideSolutionNode = FALSE
	EndGlobalSection
	GlobalSection(NestedProjects) = preSolution
		{56F5A3D3-3388-476F-9852-D531BE14A9F8} = {825F97E7-5A2D-4D93-81AD-292F54FE2AC7}
	EndGlobalSection
	GlobalSection(ExtensibilityGlobals) = postSolution
		SolutionGuid = {ED4FF66B-4A6D-4440-8721-23C5ED09791C}
	EndGlobalSection
EndGlobal
