
Microsoft Visual Studio Solution File, Format Version 12.00
# Visual Studio 15
VisualStudioVersion = 15.0.27130.2024
MinimumVisualStudioVersion = 10.0.40219.1
Project("{FAE04EC0-301F-11D3-BF4B-00C04F79EFBC}") = "uTinyRipperConsole", "uTinyRipperConsole\uTinyRipperConsole.csproj", "{1EC7FAF7-5D39-4868-A06F-C93018CD134F}"
EndProject
Project("{9A19103F-16F7-4668-BE54-9A1E7A4F7556}") = "uTinyRipperConsoleNETCore", "uTinyRipperConsole\uTinyRipperConsoleNETCore.csproj", "{C9583270-6D3E-4CBF-8011-A818A7D8F3DC}"
EndProject
Project("{FAE04EC0-301F-11D3-BF4B-00C04F79EFBC}") = "uTinyRipperCore", "uTinyRipperCore\uTinyRipperCore.csproj", "{CA9420F4-4B54-4727-91E6-CCE20916D795}"
EndProject
Project("{9A19103F-16F7-4668-BE54-9A1E7A4F7556}") = "uTinyRipperCoreNETStandard", "uTinyRipperCore\uTinyRipperCoreNETStandard.csproj", "{DD1242FB-7AFF-457B-8307-F20B8617CFB9}"
EndProject
Project("{2150E333-8FDC-42A3-9474-1A3956D46DE8}") = "CrossPlatform", "CrossPlatform", "{D9598030-E984-43AE-A9BD-E9D1C2D97E97}"
EndProject
Project("{FAE04EC0-301F-11D3-BF4B-00C04F79EFBC}") = "uTinyRipperGUI", "uTinyRipperGUI\uTinyRipperGUI.csproj", "{ADEE41C3-2951-4CD7-99B8-6F542D4DB28D}"
EndProject
Global
	GlobalSection(SolutionConfigurationPlatforms) = preSolution
		Debug|Any CPU = Debug|Any CPU
		Debug|x64 = Debug|x64
		Debug|x86 = Debug|x86
		Release|Any CPU = Release|Any CPU
		Release|x64 = Release|x64
		Release|x86 = Release|x86
		Virtual|Any CPU = Virtual|Any CPU
		Virtual|x64 = Virtual|x64
		Virtual|x86 = Virtual|x86
	EndGlobalSection
	GlobalSection(ProjectConfigurationPlatforms) = postSolution
		{1EC7FAF7-5D39-4868-A06F-C93018CD134F}.Debug|Any CPU.ActiveCfg = Debug|Any CPU
		{1EC7FAF7-5D39-4868-A06F-C93018CD134F}.Debug|Any CPU.Build.0 = Debug|Any CPU
		{1EC7FAF7-5D39-4868-A06F-C93018CD134F}.Debug|x64.ActiveCfg = Debug|x64
		{1EC7FAF7-5D39-4868-A06F-C93018CD134F}.Debug|x64.Build.0 = Debug|x64
		{1EC7FAF7-5D39-4868-A06F-C93018CD134F}.Debug|x86.ActiveCfg = Debug|x86
		{1EC7FAF7-5D39-4868-A06F-C93018CD134F}.Debug|x86.Build.0 = Debug|x86
		{1EC7FAF7-5D39-4868-A06F-C93018CD134F}.Release|Any CPU.ActiveCfg = Release|Any CPU
		{1EC7FAF7-5D39-4868-A06F-C93018CD134F}.Release|Any CPU.Build.0 = Release|Any CPU
		{1EC7FAF7-5D39-4868-A06F-C93018CD134F}.Release|x64.ActiveCfg = Release|x64
		{1EC7FAF7-5D39-4868-A06F-C93018CD134F}.Release|x64.Build.0 = Release|x64
		{1EC7FAF7-5D39-4868-A06F-C93018CD134F}.Release|x86.ActiveCfg = Release|x86
		{1EC7FAF7-5D39-4868-A06F-C93018CD134F}.Release|x86.Build.0 = Release|x86
		{1EC7FAF7-5D39-4868-A06F-C93018CD134F}.Virtual|Any CPU.ActiveCfg = Virtual|Any CPU
		{1EC7FAF7-5D39-4868-A06F-C93018CD134F}.Virtual|Any CPU.Build.0 = Virtual|Any CPU
		{1EC7FAF7-5D39-4868-A06F-C93018CD134F}.Virtual|x64.ActiveCfg = Virtual|x64
		{1EC7FAF7-5D39-4868-A06F-C93018CD134F}.Virtual|x64.Build.0 = Virtual|x64
		{1EC7FAF7-5D39-4868-A06F-C93018CD134F}.Virtual|x86.ActiveCfg = Virtual|x86
		{1EC7FAF7-5D39-4868-A06F-C93018CD134F}.Virtual|x86.Build.0 = Virtual|x86
		{C9583270-6D3E-4CBF-8011-A818A7D8F3DC}.Debug|Any CPU.ActiveCfg = Debug|Any CPU
		{C9583270-6D3E-4CBF-8011-A818A7D8F3DC}.Debug|Any CPU.Build.0 = Debug|Any CPU
		{C9583270-6D3E-4CBF-8011-A818A7D8F3DC}.Debug|x64.ActiveCfg = Debug|Any CPU
		{C9583270-6D3E-4CBF-8011-A818A7D8F3DC}.Debug|x64.Build.0 = Debug|Any CPU
		{C9583270-6D3E-4CBF-8011-A818A7D8F3DC}.Debug|x86.ActiveCfg = Debug|Any CPU
		{C9583270-6D3E-4CBF-8011-A818A7D8F3DC}.Debug|x86.Build.0 = Debug|Any CPU
		{C9583270-6D3E-4CBF-8011-A818A7D8F3DC}.Release|Any CPU.ActiveCfg = Release|Any CPU
		{C9583270-6D3E-4CBF-8011-A818A7D8F3DC}.Release|Any CPU.Build.0 = Release|Any CPU
		{C9583270-6D3E-4CBF-8011-A818A7D8F3DC}.Release|x64.ActiveCfg = Release|Any CPU
		{C9583270-6D3E-4CBF-8011-A818A7D8F3DC}.Release|x64.Build.0 = Release|Any CPU
		{C9583270-6D3E-4CBF-8011-A818A7D8F3DC}.Release|x86.ActiveCfg = Release|Any CPU
		{C9583270-6D3E-4CBF-8011-A818A7D8F3DC}.Release|x86.Build.0 = Release|Any CPU
		{C9583270-6D3E-4CBF-8011-A818A7D8F3DC}.Virtual|Any CPU.ActiveCfg = Debug|Any CPU
		{C9583270-6D3E-4CBF-8011-A818A7D8F3DC}.Virtual|x64.ActiveCfg = Debug|Any CPU
		{C9583270-6D3E-4CBF-8011-A818A7D8F3DC}.Virtual|x86.ActiveCfg = Debug|Any CPU
		{CA9420F4-4B54-4727-91E6-CCE20916D795}.Debug|Any CPU.ActiveCfg = Debug|Any CPU
		{CA9420F4-4B54-4727-91E6-CCE20916D795}.Debug|Any CPU.Build.0 = Debug|Any CPU
		{CA9420F4-4B54-4727-91E6-CCE20916D795}.Debug|x64.ActiveCfg = Debug|x64
		{CA9420F4-4B54-4727-91E6-CCE20916D795}.Debug|x64.Build.0 = Debug|x64
		{CA9420F4-4B54-4727-91E6-CCE20916D795}.Debug|x86.ActiveCfg = Debug|x86
		{CA9420F4-4B54-4727-91E6-CCE20916D795}.Debug|x86.Build.0 = Debug|x86
		{CA9420F4-4B54-4727-91E6-CCE20916D795}.Release|Any CPU.ActiveCfg = Release|Any CPU
		{CA9420F4-4B54-4727-91E6-CCE20916D795}.Release|Any CPU.Build.0 = Release|Any CPU
		{CA9420F4-4B54-4727-91E6-CCE20916D795}.Release|x64.ActiveCfg = Release|x64
		{CA9420F4-4B54-4727-91E6-CCE20916D795}.Release|x64.Build.0 = Release|x64
		{CA9420F4-4B54-4727-91E6-CCE20916D795}.Release|x86.ActiveCfg = Release|x86
		{CA9420F4-4B54-4727-91E6-CCE20916D795}.Release|x86.Build.0 = Release|x86
		{CA9420F4-4B54-4727-91E6-CCE20916D795}.Virtual|Any CPU.ActiveCfg = Virtual|Any CPU
		{CA9420F4-4B54-4727-91E6-CCE20916D795}.Virtual|Any CPU.Build.0 = Virtual|Any CPU
		{CA9420F4-4B54-4727-91E6-CCE20916D795}.Virtual|x64.ActiveCfg = Virtual|x64
		{CA9420F4-4B54-4727-91E6-CCE20916D795}.Virtual|x64.Build.0 = Virtual|x64
		{CA9420F4-4B54-4727-91E6-CCE20916D795}.Virtual|x86.ActiveCfg = Virtual|x86
		{CA9420F4-4B54-4727-91E6-CCE20916D795}.Virtual|x86.Build.0 = Virtual|x86
		{DD1242FB-7AFF-457B-8307-F20B8617CFB9}.Debug|Any CPU.ActiveCfg = Debug|Any CPU
		{DD1242FB-7AFF-457B-8307-F20B8617CFB9}.Debug|Any CPU.Build.0 = Debug|Any CPU
		{DD1242FB-7AFF-457B-8307-F20B8617CFB9}.Debug|x64.ActiveCfg = Debug|Any CPU
		{DD1242FB-7AFF-457B-8307-F20B8617CFB9}.Debug|x64.Build.0 = Debug|Any CPU
		{DD1242FB-7AFF-457B-8307-F20B8617CFB9}.Debug|x86.ActiveCfg = Debug|Any CPU
		{DD1242FB-7AFF-457B-8307-F20B8617CFB9}.Debug|x86.Build.0 = Debug|Any CPU
		{DD1242FB-7AFF-457B-8307-F20B8617CFB9}.Release|Any CPU.ActiveCfg = Release|Any CPU
		{DD1242FB-7AFF-457B-8307-F20B8617CFB9}.Release|Any CPU.Build.0 = Release|Any CPU
		{DD1242FB-7AFF-457B-8307-F20B8617CFB9}.Release|x64.ActiveCfg = Release|Any CPU
		{DD1242FB-7AFF-457B-8307-F20B8617CFB9}.Release|x64.Build.0 = Release|Any CPU
		{DD1242FB-7AFF-457B-8307-F20B8617CFB9}.Release|x86.ActiveCfg = Release|Any CPU
		{DD1242FB-7AFF-457B-8307-F20B8617CFB9}.Release|x86.Build.0 = Release|Any CPU
		{DD1242FB-7AFF-457B-8307-F20B8617CFB9}.Virtual|Any CPU.ActiveCfg = Debug|Any CPU
		{DD1242FB-7AFF-457B-8307-F20B8617CFB9}.Virtual|x64.ActiveCfg = Debug|Any CPU
		{DD1242FB-7AFF-457B-8307-F20B8617CFB9}.Virtual|x86.ActiveCfg = Debug|Any CPU
		{ADEE41C3-2951-4CD7-99B8-6F542D4DB28D}.Debug|Any CPU.ActiveCfg = Debug|x86
		{ADEE41C3-2951-4CD7-99B8-6F542D4DB28D}.Debug|x64.ActiveCfg = Debug|x64
		{ADEE41C3-2951-4CD7-99B8-6F542D4DB28D}.Debug|x64.Build.0 = Debug|x64
		{ADEE41C3-2951-4CD7-99B8-6F542D4DB28D}.Debug|x86.ActiveCfg = Debug|x86
		{ADEE41C3-2951-4CD7-99B8-6F542D4DB28D}.Debug|x86.Build.0 = Debug|x86
		{ADEE41C3-2951-4CD7-99B8-6F542D4DB28D}.Release|Any CPU.ActiveCfg = Release|x86
		{ADEE41C3-2951-4CD7-99B8-6F542D4DB28D}.Release|x64.ActiveCfg = Release|x64
		{ADEE41C3-2951-4CD7-99B8-6F542D4DB28D}.Release|x64.Build.0 = Release|x64
		{ADEE41C3-2951-4CD7-99B8-6F542D4DB28D}.Release|x86.ActiveCfg = Release|x86
		{ADEE41C3-2951-4CD7-99B8-6F542D4DB28D}.Release|x86.Build.0 = Release|x86
		{ADEE41C3-2951-4CD7-99B8-6F542D4DB28D}.Virtual|Any CPU.ActiveCfg = Virtual|x86
		{ADEE41C3-2951-4CD7-99B8-6F542D4DB28D}.Virtual|x64.ActiveCfg = Virtual|x64
		{ADEE41C3-2951-4CD7-99B8-6F542D4DB28D}.Virtual|x64.Build.0 = Virtual|x64
		{ADEE41C3-2951-4CD7-99B8-6F542D4DB28D}.Virtual|x86.ActiveCfg = Virtual|x86
		{ADEE41C3-2951-4CD7-99B8-6F542D4DB28D}.Virtual|x86.Build.0 = Virtual|x86
	EndGlobalSection
	GlobalSection(SolutionProperties) = preSolution
		HideSolutionNode = FALSE
	EndGlobalSection
	GlobalSection(NestedProjects) = preSolution
		{C9583270-6D3E-4CBF-8011-A818A7D8F3DC} = {D9598030-E984-43AE-A9BD-E9D1C2D97E97}
		{DD1242FB-7AFF-457B-8307-F20B8617CFB9} = {D9598030-E984-43AE-A9BD-E9D1C2D97E97}
	EndGlobalSection
	GlobalSection(ExtensibilityGlobals) = postSolution
		SolutionGuid = {ED4FF66B-4A6D-4440-8721-23C5ED09791C}
	EndGlobalSection
EndGlobal
